
Microsoft Visual Studio Solution File, Format Version 12.00
# Visual Studio 15
VisualStudioVersion = 15.0.27130.2010
MinimumVisualStudioVersion = 10.0.40219.1
Project("{FAE04EC0-301F-11D3-BF4B-00C04F79EFBC}") = "Forms9PatchDemo", "Forms9PatchDemo.PCL\Forms9PatchDemo.csproj", "{5F026DB4-CAAE-4DE0-8105-FF133A3655B7}"
EndProject
Project("{FAE04EC0-301F-11D3-BF4B-00C04F79EFBC}") = "Forms9PatchDemo.iOS", "Forms9PatchDemo.PCL.iOS\Forms9PatchDemo.iOS.csproj", "{1A7FACFB-952B-42CA-9D70-61CB0D5FDEDF}"
EndProject
Project("{FAE04EC0-301F-11D3-BF4B-00C04F79EFBC}") = "Forms9PatchDemo.UWP", "Forms9PatchDemo.PCL.UWP\Forms9PatchDemo.UWP.csproj", "{45454AAB-F431-422F-BECB-D0B959D1899A}"
EndProject
Project("{FAE04EC0-301F-11D3-BF4B-00C04F79EFBC}") = "Forms9PatchDemo.Droid", "Forms9PatchDemo.PCL.Droid\Forms9PatchDemo.Droid.csproj", "{585BAF24-E652-4668-BAF3-21A25BEBFE79}"
EndProject
Project("{2150E333-8FDC-42A3-9474-1A3956D46DE8}") = "PCL", "PCL", "{0DED8477-C3BE-49B1-9F4C-DCD3E3E02EA1}"
EndProject
Project("{2150E333-8FDC-42A3-9474-1A3956D46DE8}") = "NetStandard", "NetStandard", "{A888F472-AB70-44B3-8A40-C2B932DA8344}"
EndProject
Project("{FAE04EC0-301F-11D3-BF4B-00C04F79EFBC}") = "MacBuilt_Forms9PatchDemo.NetStandard.Droid", "Forms9PatchDemo.NetStandard\MacBuiltF9PDemo.Droid\MacBuilt_Forms9PatchDemo.NetStandard.Droid.csproj", "{CFA91476-BECE-4F45-9F60-334610335117}"
EndProject
Project("{FAE04EC0-301F-11D3-BF4B-00C04F79EFBC}") = "Forms9PatchDemo.NetStandard.iOS", "Forms9PatchDemo.NetStandard\Forms9PatchDemo.iOS\Forms9PatchDemo.NetStandard.iOS.csproj", "{773C755A-1265-414D-968F-B8DC5CA73A87}"
EndProject
Project("{FAE04EC0-301F-11D3-BF4B-00C04F79EFBC}") = "Forms9PatchDemo.NetStandard.UWP", "Forms9PatchDemo.NetStandard\Forms9PatchDemo.UWP\Forms9PatchDemo.NetStandard.UWP.csproj", "{C2C9B778-07F5-4955-B413-299A66D14FEA}"
EndProject
Project("{9A19103F-16F7-4668-BE54-9A1E7A4F7556}") = "Forms9PatchDemo.NetStandard", "Forms9PatchDemo.NetStandard\Forms9PatchDemo\Forms9PatchDemo.NetStandard.csproj", "{6586CC31-9343-4E1C-BE44-F09D2356C578}"
EndProject
Project("{FAE04EC0-301F-11D3-BF4B-00C04F79EFBC}") = "WinBuilt_Forms9PatchDemo.NetStandard.Droid", "Forms9PatchDemo.NetStandard\WinBuilt_Forms9PatchDemo.NetStandard.Droid\WinBuilt_Forms9PatchDemo.NetStandard.Droid.csproj", "{CFA56026-873F-4296-A532-22FCAA756C6B}"
EndProject
Global
	GlobalSection(SolutionConfigurationPlatforms) = preSolution
		Ad-Hoc|Any CPU = Ad-Hoc|Any CPU
		Ad-Hoc|ARM = Ad-Hoc|ARM
		Ad-Hoc|iPhone = Ad-Hoc|iPhone
		Ad-Hoc|iPhoneSimulator = Ad-Hoc|iPhoneSimulator
		Ad-Hoc|x64 = Ad-Hoc|x64
		Ad-Hoc|x86 = Ad-Hoc|x86
		AppStore|Any CPU = AppStore|Any CPU
		AppStore|ARM = AppStore|ARM
		AppStore|iPhone = AppStore|iPhone
		AppStore|iPhoneSimulator = AppStore|iPhoneSimulator
		AppStore|x64 = AppStore|x64
		AppStore|x86 = AppStore|x86
		Debug|Any CPU = Debug|Any CPU
		Debug|ARM = Debug|ARM
		Debug|iPhone = Debug|iPhone
		Debug|iPhoneSimulator = Debug|iPhoneSimulator
		Debug|x64 = Debug|x64
		Debug|x86 = Debug|x86
		Release|Any CPU = Release|Any CPU
		Release|ARM = Release|ARM
		Release|iPhone = Release|iPhone
		Release|iPhoneSimulator = Release|iPhoneSimulator
		Release|x64 = Release|x64
		Release|x86 = Release|x86
		Test|Any CPU = Test|Any CPU
		Test|ARM = Test|ARM
		Test|iPhone = Test|iPhone
		Test|iPhoneSimulator = Test|iPhoneSimulator
		Test|x64 = Test|x64
		Test|x86 = Test|x86
	EndGlobalSection
	GlobalSection(ProjectConfigurationPlatforms) = postSolution
		{5F026DB4-CAAE-4DE0-8105-FF133A3655B7}.Ad-Hoc|Any CPU.ActiveCfg = Test|Any CPU
		{5F026DB4-CAAE-4DE0-8105-FF133A3655B7}.Ad-Hoc|Any CPU.Build.0 = Test|Any CPU
		{5F026DB4-CAAE-4DE0-8105-FF133A3655B7}.Ad-Hoc|ARM.ActiveCfg = Test|Any CPU
		{5F026DB4-CAAE-4DE0-8105-FF133A3655B7}.Ad-Hoc|ARM.Build.0 = Test|Any CPU
		{5F026DB4-CAAE-4DE0-8105-FF133A3655B7}.Ad-Hoc|iPhone.ActiveCfg = Test|Any CPU
		{5F026DB4-CAAE-4DE0-8105-FF133A3655B7}.Ad-Hoc|iPhone.Build.0 = Test|Any CPU
		{5F026DB4-CAAE-4DE0-8105-FF133A3655B7}.Ad-Hoc|iPhoneSimulator.ActiveCfg = Test|Any CPU
		{5F026DB4-CAAE-4DE0-8105-FF133A3655B7}.Ad-Hoc|iPhoneSimulator.Build.0 = Test|Any CPU
		{5F026DB4-CAAE-4DE0-8105-FF133A3655B7}.Ad-Hoc|x64.ActiveCfg = Test|Any CPU
		{5F026DB4-CAAE-4DE0-8105-FF133A3655B7}.Ad-Hoc|x64.Build.0 = Test|Any CPU
		{5F026DB4-CAAE-4DE0-8105-FF133A3655B7}.Ad-Hoc|x86.ActiveCfg = Test|Any CPU
		{5F026DB4-CAAE-4DE0-8105-FF133A3655B7}.Ad-Hoc|x86.Build.0 = Test|Any CPU
		{5F026DB4-CAAE-4DE0-8105-FF133A3655B7}.AppStore|Any CPU.ActiveCfg = Test|Any CPU
		{5F026DB4-CAAE-4DE0-8105-FF133A3655B7}.AppStore|Any CPU.Build.0 = Test|Any CPU
		{5F026DB4-CAAE-4DE0-8105-FF133A3655B7}.AppStore|ARM.ActiveCfg = Test|Any CPU
		{5F026DB4-CAAE-4DE0-8105-FF133A3655B7}.AppStore|ARM.Build.0 = Test|Any CPU
		{5F026DB4-CAAE-4DE0-8105-FF133A3655B7}.AppStore|iPhone.ActiveCfg = Test|Any CPU
		{5F026DB4-CAAE-4DE0-8105-FF133A3655B7}.AppStore|iPhone.Build.0 = Test|Any CPU
		{5F026DB4-CAAE-4DE0-8105-FF133A3655B7}.AppStore|iPhoneSimulator.ActiveCfg = Test|Any CPU
		{5F026DB4-CAAE-4DE0-8105-FF133A3655B7}.AppStore|iPhoneSimulator.Build.0 = Test|Any CPU
		{5F026DB4-CAAE-4DE0-8105-FF133A3655B7}.AppStore|x64.ActiveCfg = Test|Any CPU
		{5F026DB4-CAAE-4DE0-8105-FF133A3655B7}.AppStore|x64.Build.0 = Test|Any CPU
		{5F026DB4-CAAE-4DE0-8105-FF133A3655B7}.AppStore|x86.ActiveCfg = Test|Any CPU
		{5F026DB4-CAAE-4DE0-8105-FF133A3655B7}.AppStore|x86.Build.0 = Test|Any CPU
		{5F026DB4-CAAE-4DE0-8105-FF133A3655B7}.Debug|Any CPU.ActiveCfg = Debug|Any CPU
		{5F026DB4-CAAE-4DE0-8105-FF133A3655B7}.Debug|Any CPU.Build.0 = Debug|Any CPU
		{5F026DB4-CAAE-4DE0-8105-FF133A3655B7}.Debug|ARM.ActiveCfg = Debug|Any CPU
		{5F026DB4-CAAE-4DE0-8105-FF133A3655B7}.Debug|ARM.Build.0 = Debug|Any CPU
		{5F026DB4-CAAE-4DE0-8105-FF133A3655B7}.Debug|iPhone.ActiveCfg = Debug|Any CPU
		{5F026DB4-CAAE-4DE0-8105-FF133A3655B7}.Debug|iPhone.Build.0 = Debug|Any CPU
		{5F026DB4-CAAE-4DE0-8105-FF133A3655B7}.Debug|iPhoneSimulator.ActiveCfg = Debug|Any CPU
		{5F026DB4-CAAE-4DE0-8105-FF133A3655B7}.Debug|iPhoneSimulator.Build.0 = Debug|Any CPU
		{5F026DB4-CAAE-4DE0-8105-FF133A3655B7}.Debug|x64.ActiveCfg = Debug|Any CPU
		{5F026DB4-CAAE-4DE0-8105-FF133A3655B7}.Debug|x64.Build.0 = Debug|Any CPU
		{5F026DB4-CAAE-4DE0-8105-FF133A3655B7}.Debug|x86.ActiveCfg = Debug|Any CPU
		{5F026DB4-CAAE-4DE0-8105-FF133A3655B7}.Debug|x86.Build.0 = Debug|Any CPU
		{5F026DB4-CAAE-4DE0-8105-FF133A3655B7}.Release|Any CPU.ActiveCfg = Release|Any CPU
		{5F026DB4-CAAE-4DE0-8105-FF133A3655B7}.Release|Any CPU.Build.0 = Release|Any CPU
		{5F026DB4-CAAE-4DE0-8105-FF133A3655B7}.Release|ARM.ActiveCfg = Release|Any CPU
		{5F026DB4-CAAE-4DE0-8105-FF133A3655B7}.Release|ARM.Build.0 = Release|Any CPU
		{5F026DB4-CAAE-4DE0-8105-FF133A3655B7}.Release|iPhone.ActiveCfg = Release|Any CPU
		{5F026DB4-CAAE-4DE0-8105-FF133A3655B7}.Release|iPhone.Build.0 = Release|Any CPU
		{5F026DB4-CAAE-4DE0-8105-FF133A3655B7}.Release|iPhoneSimulator.ActiveCfg = Release|Any CPU
		{5F026DB4-CAAE-4DE0-8105-FF133A3655B7}.Release|iPhoneSimulator.Build.0 = Release|Any CPU
		{5F026DB4-CAAE-4DE0-8105-FF133A3655B7}.Release|x64.ActiveCfg = Release|Any CPU
		{5F026DB4-CAAE-4DE0-8105-FF133A3655B7}.Release|x64.Build.0 = Release|Any CPU
		{5F026DB4-CAAE-4DE0-8105-FF133A3655B7}.Release|x86.ActiveCfg = Release|Any CPU
		{5F026DB4-CAAE-4DE0-8105-FF133A3655B7}.Release|x86.Build.0 = Release|Any CPU
		{5F026DB4-CAAE-4DE0-8105-FF133A3655B7}.Test|Any CPU.ActiveCfg = Test|Any CPU
		{5F026DB4-CAAE-4DE0-8105-FF133A3655B7}.Test|Any CPU.Build.0 = Test|Any CPU
		{5F026DB4-CAAE-4DE0-8105-FF133A3655B7}.Test|ARM.ActiveCfg = Test|Any CPU
		{5F026DB4-CAAE-4DE0-8105-FF133A3655B7}.Test|ARM.Build.0 = Test|Any CPU
		{5F026DB4-CAAE-4DE0-8105-FF133A3655B7}.Test|iPhone.ActiveCfg = Test|Any CPU
		{5F026DB4-CAAE-4DE0-8105-FF133A3655B7}.Test|iPhone.Build.0 = Test|Any CPU
		{5F026DB4-CAAE-4DE0-8105-FF133A3655B7}.Test|iPhoneSimulator.ActiveCfg = Test|Any CPU
		{5F026DB4-CAAE-4DE0-8105-FF133A3655B7}.Test|iPhoneSimulator.Build.0 = Test|Any CPU
		{5F026DB4-CAAE-4DE0-8105-FF133A3655B7}.Test|x64.ActiveCfg = Test|Any CPU
		{5F026DB4-CAAE-4DE0-8105-FF133A3655B7}.Test|x64.Build.0 = Test|Any CPU
		{5F026DB4-CAAE-4DE0-8105-FF133A3655B7}.Test|x86.ActiveCfg = Test|Any CPU
		{5F026DB4-CAAE-4DE0-8105-FF133A3655B7}.Test|x86.Build.0 = Test|Any CPU
		{1A7FACFB-952B-42CA-9D70-61CB0D5FDEDF}.Ad-Hoc|Any CPU.ActiveCfg = Test|Any CPU
		{1A7FACFB-952B-42CA-9D70-61CB0D5FDEDF}.Ad-Hoc|ARM.ActiveCfg = Test|Any CPU
		{1A7FACFB-952B-42CA-9D70-61CB0D5FDEDF}.Ad-Hoc|iPhone.ActiveCfg = Test|iPhone
		{1A7FACFB-952B-42CA-9D70-61CB0D5FDEDF}.Ad-Hoc|iPhoneSimulator.ActiveCfg = Test|iPhoneSimulator
		{1A7FACFB-952B-42CA-9D70-61CB0D5FDEDF}.Ad-Hoc|x64.ActiveCfg = Test|Any CPU
		{1A7FACFB-952B-42CA-9D70-61CB0D5FDEDF}.Ad-Hoc|x86.ActiveCfg = Test|Any CPU
		{1A7FACFB-952B-42CA-9D70-61CB0D5FDEDF}.AppStore|Any CPU.ActiveCfg = Test|Any CPU
		{1A7FACFB-952B-42CA-9D70-61CB0D5FDEDF}.AppStore|ARM.ActiveCfg = Test|Any CPU
		{1A7FACFB-952B-42CA-9D70-61CB0D5FDEDF}.AppStore|iPhone.ActiveCfg = Test|iPhone
		{1A7FACFB-952B-42CA-9D70-61CB0D5FDEDF}.AppStore|iPhoneSimulator.ActiveCfg = Test|iPhoneSimulator
		{1A7FACFB-952B-42CA-9D70-61CB0D5FDEDF}.AppStore|x64.ActiveCfg = Test|Any CPU
		{1A7FACFB-952B-42CA-9D70-61CB0D5FDEDF}.AppStore|x86.ActiveCfg = Test|Any CPU
		{1A7FACFB-952B-42CA-9D70-61CB0D5FDEDF}.Debug|Any CPU.ActiveCfg = Debug|iPhoneSimulator
		{1A7FACFB-952B-42CA-9D70-61CB0D5FDEDF}.Debug|Any CPU.Build.0 = Debug|iPhoneSimulator
		{1A7FACFB-952B-42CA-9D70-61CB0D5FDEDF}.Debug|ARM.ActiveCfg = Debug|iPhone
		{1A7FACFB-952B-42CA-9D70-61CB0D5FDEDF}.Debug|iPhone.ActiveCfg = Debug|iPhone
		{1A7FACFB-952B-42CA-9D70-61CB0D5FDEDF}.Debug|iPhone.Build.0 = Debug|iPhone
		{1A7FACFB-952B-42CA-9D70-61CB0D5FDEDF}.Debug|iPhoneSimulator.ActiveCfg = Debug|iPhoneSimulator
		{1A7FACFB-952B-42CA-9D70-61CB0D5FDEDF}.Debug|iPhoneSimulator.Build.0 = Debug|iPhoneSimulator
		{1A7FACFB-952B-42CA-9D70-61CB0D5FDEDF}.Debug|x64.ActiveCfg = Debug|iPhone
		{1A7FACFB-952B-42CA-9D70-61CB0D5FDEDF}.Debug|x86.ActiveCfg = Debug|iPhone
		{1A7FACFB-952B-42CA-9D70-61CB0D5FDEDF}.Release|Any CPU.ActiveCfg = Release|iPhone
		{1A7FACFB-952B-42CA-9D70-61CB0D5FDEDF}.Release|Any CPU.Build.0 = Release|iPhone
		{1A7FACFB-952B-42CA-9D70-61CB0D5FDEDF}.Release|ARM.ActiveCfg = Release|iPhoneSimulator
		{1A7FACFB-952B-42CA-9D70-61CB0D5FDEDF}.Release|iPhone.ActiveCfg = Release|iPhone
		{1A7FACFB-952B-42CA-9D70-61CB0D5FDEDF}.Release|iPhone.Build.0 = Release|iPhone
		{1A7FACFB-952B-42CA-9D70-61CB0D5FDEDF}.Release|iPhoneSimulator.ActiveCfg = Release|iPhoneSimulator
		{1A7FACFB-952B-42CA-9D70-61CB0D5FDEDF}.Release|iPhoneSimulator.Build.0 = Release|iPhoneSimulator
		{1A7FACFB-952B-42CA-9D70-61CB0D5FDEDF}.Release|x64.ActiveCfg = Release|iPhoneSimulator
		{1A7FACFB-952B-42CA-9D70-61CB0D5FDEDF}.Release|x86.ActiveCfg = Release|iPhoneSimulator
		{1A7FACFB-952B-42CA-9D70-61CB0D5FDEDF}.Test|Any CPU.ActiveCfg = Test|Any CPU
		{1A7FACFB-952B-42CA-9D70-61CB0D5FDEDF}.Test|Any CPU.Build.0 = Test|Any CPU
		{1A7FACFB-952B-42CA-9D70-61CB0D5FDEDF}.Test|ARM.ActiveCfg = Test|Any CPU
		{1A7FACFB-952B-42CA-9D70-61CB0D5FDEDF}.Test|ARM.Build.0 = Test|Any CPU
		{1A7FACFB-952B-42CA-9D70-61CB0D5FDEDF}.Test|iPhone.ActiveCfg = Test|iPhone
		{1A7FACFB-952B-42CA-9D70-61CB0D5FDEDF}.Test|iPhone.Build.0 = Test|iPhone
		{1A7FACFB-952B-42CA-9D70-61CB0D5FDEDF}.Test|iPhoneSimulator.ActiveCfg = Test|iPhoneSimulator
		{1A7FACFB-952B-42CA-9D70-61CB0D5FDEDF}.Test|iPhoneSimulator.Build.0 = Test|iPhoneSimulator
		{1A7FACFB-952B-42CA-9D70-61CB0D5FDEDF}.Test|x64.ActiveCfg = Test|Any CPU
		{1A7FACFB-952B-42CA-9D70-61CB0D5FDEDF}.Test|x64.Build.0 = Test|Any CPU
		{1A7FACFB-952B-42CA-9D70-61CB0D5FDEDF}.Test|x86.ActiveCfg = Test|Any CPU
		{1A7FACFB-952B-42CA-9D70-61CB0D5FDEDF}.Test|x86.Build.0 = Test|Any CPU
		{45454AAB-F431-422F-BECB-D0B959D1899A}.Ad-Hoc|Any CPU.ActiveCfg = Release|x64
		{45454AAB-F431-422F-BECB-D0B959D1899A}.Ad-Hoc|Any CPU.Build.0 = Release|x64
		{45454AAB-F431-422F-BECB-D0B959D1899A}.Ad-Hoc|Any CPU.Deploy.0 = Release|x64
		{45454AAB-F431-422F-BECB-D0B959D1899A}.Ad-Hoc|ARM.ActiveCfg = Release|ARM
		{45454AAB-F431-422F-BECB-D0B959D1899A}.Ad-Hoc|ARM.Build.0 = Release|ARM
		{45454AAB-F431-422F-BECB-D0B959D1899A}.Ad-Hoc|ARM.Deploy.0 = Release|ARM
		{45454AAB-F431-422F-BECB-D0B959D1899A}.Ad-Hoc|iPhone.ActiveCfg = Release|x64
		{45454AAB-F431-422F-BECB-D0B959D1899A}.Ad-Hoc|iPhone.Build.0 = Release|x64
		{45454AAB-F431-422F-BECB-D0B959D1899A}.Ad-Hoc|iPhone.Deploy.0 = Release|x64
		{45454AAB-F431-422F-BECB-D0B959D1899A}.Ad-Hoc|iPhoneSimulator.ActiveCfg = Release|x64
		{45454AAB-F431-422F-BECB-D0B959D1899A}.Ad-Hoc|iPhoneSimulator.Build.0 = Release|x64
		{45454AAB-F431-422F-BECB-D0B959D1899A}.Ad-Hoc|iPhoneSimulator.Deploy.0 = Release|x64
		{45454AAB-F431-422F-BECB-D0B959D1899A}.Ad-Hoc|x64.ActiveCfg = Release|x64
		{45454AAB-F431-422F-BECB-D0B959D1899A}.Ad-Hoc|x64.Build.0 = Release|x64
		{45454AAB-F431-422F-BECB-D0B959D1899A}.Ad-Hoc|x64.Deploy.0 = Release|x64
		{45454AAB-F431-422F-BECB-D0B959D1899A}.Ad-Hoc|x86.ActiveCfg = Release|x86
		{45454AAB-F431-422F-BECB-D0B959D1899A}.Ad-Hoc|x86.Build.0 = Release|x86
		{45454AAB-F431-422F-BECB-D0B959D1899A}.Ad-Hoc|x86.Deploy.0 = Release|x86
		{45454AAB-F431-422F-BECB-D0B959D1899A}.AppStore|Any CPU.ActiveCfg = Release|x64
		{45454AAB-F431-422F-BECB-D0B959D1899A}.AppStore|Any CPU.Build.0 = Release|x64
		{45454AAB-F431-422F-BECB-D0B959D1899A}.AppStore|Any CPU.Deploy.0 = Release|x64
		{45454AAB-F431-422F-BECB-D0B959D1899A}.AppStore|ARM.ActiveCfg = Release|ARM
		{45454AAB-F431-422F-BECB-D0B959D1899A}.AppStore|ARM.Build.0 = Release|ARM
		{45454AAB-F431-422F-BECB-D0B959D1899A}.AppStore|ARM.Deploy.0 = Release|ARM
		{45454AAB-F431-422F-BECB-D0B959D1899A}.AppStore|iPhone.ActiveCfg = Release|x64
		{45454AAB-F431-422F-BECB-D0B959D1899A}.AppStore|iPhone.Build.0 = Release|x64
		{45454AAB-F431-422F-BECB-D0B959D1899A}.AppStore|iPhone.Deploy.0 = Release|x64
		{45454AAB-F431-422F-BECB-D0B959D1899A}.AppStore|iPhoneSimulator.ActiveCfg = Release|x64
		{45454AAB-F431-422F-BECB-D0B959D1899A}.AppStore|iPhoneSimulator.Build.0 = Release|x64
		{45454AAB-F431-422F-BECB-D0B959D1899A}.AppStore|iPhoneSimulator.Deploy.0 = Release|x64
		{45454AAB-F431-422F-BECB-D0B959D1899A}.AppStore|x64.ActiveCfg = Release|x64
		{45454AAB-F431-422F-BECB-D0B959D1899A}.AppStore|x64.Build.0 = Release|x64
		{45454AAB-F431-422F-BECB-D0B959D1899A}.AppStore|x64.Deploy.0 = Release|x64
		{45454AAB-F431-422F-BECB-D0B959D1899A}.AppStore|x86.ActiveCfg = Release|x86
		{45454AAB-F431-422F-BECB-D0B959D1899A}.AppStore|x86.Build.0 = Release|x86
		{45454AAB-F431-422F-BECB-D0B959D1899A}.AppStore|x86.Deploy.0 = Release|x86
		{45454AAB-F431-422F-BECB-D0B959D1899A}.Debug|Any CPU.ActiveCfg = Debug|x86
		{45454AAB-F431-422F-BECB-D0B959D1899A}.Debug|Any CPU.Build.0 = Debug|x86
		{45454AAB-F431-422F-BECB-D0B959D1899A}.Debug|Any CPU.Deploy.0 = Debug|x86
		{45454AAB-F431-422F-BECB-D0B959D1899A}.Debug|ARM.ActiveCfg = Debug|ARM
		{45454AAB-F431-422F-BECB-D0B959D1899A}.Debug|ARM.Build.0 = Debug|ARM
		{45454AAB-F431-422F-BECB-D0B959D1899A}.Debug|ARM.Deploy.0 = Debug|ARM
		{45454AAB-F431-422F-BECB-D0B959D1899A}.Debug|iPhone.ActiveCfg = Debug|x86
		{45454AAB-F431-422F-BECB-D0B959D1899A}.Debug|iPhoneSimulator.ActiveCfg = Debug|x86
		{45454AAB-F431-422F-BECB-D0B959D1899A}.Debug|x64.ActiveCfg = Debug|x64
		{45454AAB-F431-422F-BECB-D0B959D1899A}.Debug|x64.Build.0 = Debug|x64
		{45454AAB-F431-422F-BECB-D0B959D1899A}.Debug|x64.Deploy.0 = Debug|x64
		{45454AAB-F431-422F-BECB-D0B959D1899A}.Debug|x86.ActiveCfg = Debug|x86
		{45454AAB-F431-422F-BECB-D0B959D1899A}.Debug|x86.Build.0 = Debug|x86
		{45454AAB-F431-422F-BECB-D0B959D1899A}.Debug|x86.Deploy.0 = Debug|x86
		{45454AAB-F431-422F-BECB-D0B959D1899A}.Release|Any CPU.ActiveCfg = Release|x86
		{45454AAB-F431-422F-BECB-D0B959D1899A}.Release|ARM.ActiveCfg = Release|ARM
		{45454AAB-F431-422F-BECB-D0B959D1899A}.Release|ARM.Build.0 = Release|ARM
		{45454AAB-F431-422F-BECB-D0B959D1899A}.Release|ARM.Deploy.0 = Release|ARM
		{45454AAB-F431-422F-BECB-D0B959D1899A}.Release|iPhone.ActiveCfg = Release|x86
		{45454AAB-F431-422F-BECB-D0B959D1899A}.Release|iPhoneSimulator.ActiveCfg = Release|x86
		{45454AAB-F431-422F-BECB-D0B959D1899A}.Release|x64.ActiveCfg = Release|x64
		{45454AAB-F431-422F-BECB-D0B959D1899A}.Release|x64.Build.0 = Release|x64
		{45454AAB-F431-422F-BECB-D0B959D1899A}.Release|x64.Deploy.0 = Release|x64
		{45454AAB-F431-422F-BECB-D0B959D1899A}.Release|x86.ActiveCfg = Release|x86
		{45454AAB-F431-422F-BECB-D0B959D1899A}.Release|x86.Build.0 = Release|x86
		{45454AAB-F431-422F-BECB-D0B959D1899A}.Release|x86.Deploy.0 = Release|x86
		{45454AAB-F431-422F-BECB-D0B959D1899A}.Test|Any CPU.ActiveCfg = Release|x64
		{45454AAB-F431-422F-BECB-D0B959D1899A}.Test|Any CPU.Build.0 = Release|x64
		{45454AAB-F431-422F-BECB-D0B959D1899A}.Test|Any CPU.Deploy.0 = Release|x64
		{45454AAB-F431-422F-BECB-D0B959D1899A}.Test|ARM.ActiveCfg = Release|ARM
		{45454AAB-F431-422F-BECB-D0B959D1899A}.Test|ARM.Build.0 = Release|ARM
		{45454AAB-F431-422F-BECB-D0B959D1899A}.Test|ARM.Deploy.0 = Release|ARM
		{45454AAB-F431-422F-BECB-D0B959D1899A}.Test|iPhone.ActiveCfg = Release|x64
		{45454AAB-F431-422F-BECB-D0B959D1899A}.Test|iPhone.Build.0 = Release|x64
		{45454AAB-F431-422F-BECB-D0B959D1899A}.Test|iPhone.Deploy.0 = Release|x64
		{45454AAB-F431-422F-BECB-D0B959D1899A}.Test|iPhoneSimulator.ActiveCfg = Release|x64
		{45454AAB-F431-422F-BECB-D0B959D1899A}.Test|iPhoneSimulator.Build.0 = Release|x64
		{45454AAB-F431-422F-BECB-D0B959D1899A}.Test|iPhoneSimulator.Deploy.0 = Release|x64
		{45454AAB-F431-422F-BECB-D0B959D1899A}.Test|x64.ActiveCfg = Release|x64
		{45454AAB-F431-422F-BECB-D0B959D1899A}.Test|x64.Build.0 = Release|x64
		{45454AAB-F431-422F-BECB-D0B959D1899A}.Test|x64.Deploy.0 = Release|x64
		{45454AAB-F431-422F-BECB-D0B959D1899A}.Test|x86.ActiveCfg = Release|x86
		{45454AAB-F431-422F-BECB-D0B959D1899A}.Test|x86.Build.0 = Release|x86
		{45454AAB-F431-422F-BECB-D0B959D1899A}.Test|x86.Deploy.0 = Release|x86
		{585BAF24-E652-4668-BAF3-21A25BEBFE79}.Ad-Hoc|Any CPU.ActiveCfg = Release|Any CPU
		{585BAF24-E652-4668-BAF3-21A25BEBFE79}.Ad-Hoc|ARM.ActiveCfg = Release|Any CPU
		{585BAF24-E652-4668-BAF3-21A25BEBFE79}.Ad-Hoc|iPhone.ActiveCfg = Release|Any CPU
		{585BAF24-E652-4668-BAF3-21A25BEBFE79}.Ad-Hoc|iPhoneSimulator.ActiveCfg = Release|Any CPU
		{585BAF24-E652-4668-BAF3-21A25BEBFE79}.Ad-Hoc|x64.ActiveCfg = Release|Any CPU
		{585BAF24-E652-4668-BAF3-21A25BEBFE79}.Ad-Hoc|x86.ActiveCfg = Release|Any CPU
		{585BAF24-E652-4668-BAF3-21A25BEBFE79}.AppStore|Any CPU.ActiveCfg = Release|Any CPU
		{585BAF24-E652-4668-BAF3-21A25BEBFE79}.AppStore|ARM.ActiveCfg = Release|Any CPU
		{585BAF24-E652-4668-BAF3-21A25BEBFE79}.AppStore|iPhone.ActiveCfg = Release|Any CPU
		{585BAF24-E652-4668-BAF3-21A25BEBFE79}.AppStore|iPhoneSimulator.ActiveCfg = Release|Any CPU
		{585BAF24-E652-4668-BAF3-21A25BEBFE79}.AppStore|x64.ActiveCfg = Release|Any CPU
		{585BAF24-E652-4668-BAF3-21A25BEBFE79}.AppStore|x86.ActiveCfg = Release|Any CPU
		{585BAF24-E652-4668-BAF3-21A25BEBFE79}.Debug|Any CPU.ActiveCfg = Debug|Any CPU
		{585BAF24-E652-4668-BAF3-21A25BEBFE79}.Debug|Any CPU.Build.0 = Debug|Any CPU
		{585BAF24-E652-4668-BAF3-21A25BEBFE79}.Debug|Any CPU.Deploy.0 = Debug|Any CPU
		{585BAF24-E652-4668-BAF3-21A25BEBFE79}.Debug|ARM.ActiveCfg = Debug|Any CPU
		{585BAF24-E652-4668-BAF3-21A25BEBFE79}.Debug|ARM.Build.0 = Debug|Any CPU
		{585BAF24-E652-4668-BAF3-21A25BEBFE79}.Debug|ARM.Deploy.0 = Debug|Any CPU
		{585BAF24-E652-4668-BAF3-21A25BEBFE79}.Debug|iPhone.ActiveCfg = Debug|Any CPU
		{585BAF24-E652-4668-BAF3-21A25BEBFE79}.Debug|iPhone.Build.0 = Debug|Any CPU
		{585BAF24-E652-4668-BAF3-21A25BEBFE79}.Debug|iPhone.Deploy.0 = Debug|Any CPU
		{585BAF24-E652-4668-BAF3-21A25BEBFE79}.Debug|iPhoneSimulator.ActiveCfg = Debug|Any CPU
		{585BAF24-E652-4668-BAF3-21A25BEBFE79}.Debug|iPhoneSimulator.Build.0 = Debug|Any CPU
		{585BAF24-E652-4668-BAF3-21A25BEBFE79}.Debug|iPhoneSimulator.Deploy.0 = Debug|Any CPU
		{585BAF24-E652-4668-BAF3-21A25BEBFE79}.Debug|x64.ActiveCfg = Debug|Any CPU
		{585BAF24-E652-4668-BAF3-21A25BEBFE79}.Debug|x64.Build.0 = Debug|Any CPU
		{585BAF24-E652-4668-BAF3-21A25BEBFE79}.Debug|x64.Deploy.0 = Debug|Any CPU
		{585BAF24-E652-4668-BAF3-21A25BEBFE79}.Debug|x86.ActiveCfg = Debug|Any CPU
		{585BAF24-E652-4668-BAF3-21A25BEBFE79}.Debug|x86.Build.0 = Debug|Any CPU
		{585BAF24-E652-4668-BAF3-21A25BEBFE79}.Debug|x86.Deploy.0 = Debug|Any CPU
		{585BAF24-E652-4668-BAF3-21A25BEBFE79}.Release|Any CPU.ActiveCfg = Release|Any CPU
		{585BAF24-E652-4668-BAF3-21A25BEBFE79}.Release|Any CPU.Build.0 = Release|Any CPU
		{585BAF24-E652-4668-BAF3-21A25BEBFE79}.Release|Any CPU.Deploy.0 = Release|Any CPU
		{585BAF24-E652-4668-BAF3-21A25BEBFE79}.Release|ARM.ActiveCfg = Release|Any CPU
		{585BAF24-E652-4668-BAF3-21A25BEBFE79}.Release|ARM.Build.0 = Release|Any CPU
		{585BAF24-E652-4668-BAF3-21A25BEBFE79}.Release|ARM.Deploy.0 = Release|Any CPU
		{585BAF24-E652-4668-BAF3-21A25BEBFE79}.Release|iPhone.ActiveCfg = Release|Any CPU
		{585BAF24-E652-4668-BAF3-21A25BEBFE79}.Release|iPhone.Build.0 = Release|Any CPU
		{585BAF24-E652-4668-BAF3-21A25BEBFE79}.Release|iPhone.Deploy.0 = Release|Any CPU
		{585BAF24-E652-4668-BAF3-21A25BEBFE79}.Release|iPhoneSimulator.ActiveCfg = Release|Any CPU
		{585BAF24-E652-4668-BAF3-21A25BEBFE79}.Release|iPhoneSimulator.Build.0 = Release|Any CPU
		{585BAF24-E652-4668-BAF3-21A25BEBFE79}.Release|iPhoneSimulator.Deploy.0 = Release|Any CPU
		{585BAF24-E652-4668-BAF3-21A25BEBFE79}.Release|x64.ActiveCfg = Release|Any CPU
		{585BAF24-E652-4668-BAF3-21A25BEBFE79}.Release|x64.Build.0 = Release|Any CPU
		{585BAF24-E652-4668-BAF3-21A25BEBFE79}.Release|x64.Deploy.0 = Release|Any CPU
		{585BAF24-E652-4668-BAF3-21A25BEBFE79}.Release|x86.ActiveCfg = Release|Any CPU
		{585BAF24-E652-4668-BAF3-21A25BEBFE79}.Release|x86.Build.0 = Release|Any CPU
		{585BAF24-E652-4668-BAF3-21A25BEBFE79}.Release|x86.Deploy.0 = Release|Any CPU
		{585BAF24-E652-4668-BAF3-21A25BEBFE79}.Test|Any CPU.ActiveCfg = Release|Any CPU
		{585BAF24-E652-4668-BAF3-21A25BEBFE79}.Test|Any CPU.Build.0 = Release|Any CPU
		{585BAF24-E652-4668-BAF3-21A25BEBFE79}.Test|Any CPU.Deploy.0 = Release|Any CPU
		{585BAF24-E652-4668-BAF3-21A25BEBFE79}.Test|ARM.ActiveCfg = Release|Any CPU
		{585BAF24-E652-4668-BAF3-21A25BEBFE79}.Test|ARM.Build.0 = Release|Any CPU
		{585BAF24-E652-4668-BAF3-21A25BEBFE79}.Test|ARM.Deploy.0 = Release|Any CPU
		{585BAF24-E652-4668-BAF3-21A25BEBFE79}.Test|iPhone.ActiveCfg = Release|Any CPU
		{585BAF24-E652-4668-BAF3-21A25BEBFE79}.Test|iPhone.Build.0 = Release|Any CPU
		{585BAF24-E652-4668-BAF3-21A25BEBFE79}.Test|iPhone.Deploy.0 = Release|Any CPU
		{585BAF24-E652-4668-BAF3-21A25BEBFE79}.Test|iPhoneSimulator.ActiveCfg = Release|Any CPU
		{585BAF24-E652-4668-BAF3-21A25BEBFE79}.Test|iPhoneSimulator.Build.0 = Release|Any CPU
		{585BAF24-E652-4668-BAF3-21A25BEBFE79}.Test|iPhoneSimulator.Deploy.0 = Release|Any CPU
		{585BAF24-E652-4668-BAF3-21A25BEBFE79}.Test|x64.ActiveCfg = Release|Any CPU
		{585BAF24-E652-4668-BAF3-21A25BEBFE79}.Test|x64.Build.0 = Release|Any CPU
		{585BAF24-E652-4668-BAF3-21A25BEBFE79}.Test|x64.Deploy.0 = Release|Any CPU
		{585BAF24-E652-4668-BAF3-21A25BEBFE79}.Test|x86.ActiveCfg = Release|Any CPU
		{585BAF24-E652-4668-BAF3-21A25BEBFE79}.Test|x86.Build.0 = Release|Any CPU
		{585BAF24-E652-4668-BAF3-21A25BEBFE79}.Test|x86.Deploy.0 = Release|Any CPU
		{CFA91476-BECE-4F45-9F60-334610335117}.Ad-Hoc|Any CPU.ActiveCfg = Release|Any CPU
		{CFA91476-BECE-4F45-9F60-334610335117}.Ad-Hoc|Any CPU.Build.0 = Release|Any CPU
		{CFA91476-BECE-4F45-9F60-334610335117}.Ad-Hoc|Any CPU.Deploy.0 = Release|Any CPU
		{CFA91476-BECE-4F45-9F60-334610335117}.Ad-Hoc|ARM.ActiveCfg = Release|Any CPU
		{CFA91476-BECE-4F45-9F60-334610335117}.Ad-Hoc|ARM.Build.0 = Release|Any CPU
		{CFA91476-BECE-4F45-9F60-334610335117}.Ad-Hoc|ARM.Deploy.0 = Release|Any CPU
		{CFA91476-BECE-4F45-9F60-334610335117}.Ad-Hoc|iPhone.ActiveCfg = Release|Any CPU
		{CFA91476-BECE-4F45-9F60-334610335117}.Ad-Hoc|iPhone.Build.0 = Release|Any CPU
		{CFA91476-BECE-4F45-9F60-334610335117}.Ad-Hoc|iPhone.Deploy.0 = Release|Any CPU
		{CFA91476-BECE-4F45-9F60-334610335117}.Ad-Hoc|iPhoneSimulator.ActiveCfg = Release|Any CPU
		{CFA91476-BECE-4F45-9F60-334610335117}.Ad-Hoc|iPhoneSimulator.Build.0 = Release|Any CPU
		{CFA91476-BECE-4F45-9F60-334610335117}.Ad-Hoc|iPhoneSimulator.Deploy.0 = Release|Any CPU
		{CFA91476-BECE-4F45-9F60-334610335117}.Ad-Hoc|x64.ActiveCfg = Release|Any CPU
		{CFA91476-BECE-4F45-9F60-334610335117}.Ad-Hoc|x64.Build.0 = Release|Any CPU
		{CFA91476-BECE-4F45-9F60-334610335117}.Ad-Hoc|x64.Deploy.0 = Release|Any CPU
		{CFA91476-BECE-4F45-9F60-334610335117}.Ad-Hoc|x86.ActiveCfg = Release|Any CPU
		{CFA91476-BECE-4F45-9F60-334610335117}.Ad-Hoc|x86.Build.0 = Release|Any CPU
		{CFA91476-BECE-4F45-9F60-334610335117}.Ad-Hoc|x86.Deploy.0 = Release|Any CPU
		{CFA91476-BECE-4F45-9F60-334610335117}.AppStore|Any CPU.ActiveCfg = Release|Any CPU
		{CFA91476-BECE-4F45-9F60-334610335117}.AppStore|Any CPU.Build.0 = Release|Any CPU
		{CFA91476-BECE-4F45-9F60-334610335117}.AppStore|Any CPU.Deploy.0 = Release|Any CPU
		{CFA91476-BECE-4F45-9F60-334610335117}.AppStore|ARM.ActiveCfg = Release|Any CPU
		{CFA91476-BECE-4F45-9F60-334610335117}.AppStore|ARM.Build.0 = Release|Any CPU
		{CFA91476-BECE-4F45-9F60-334610335117}.AppStore|ARM.Deploy.0 = Release|Any CPU
		{CFA91476-BECE-4F45-9F60-334610335117}.AppStore|iPhone.ActiveCfg = Release|Any CPU
		{CFA91476-BECE-4F45-9F60-334610335117}.AppStore|iPhone.Build.0 = Release|Any CPU
		{CFA91476-BECE-4F45-9F60-334610335117}.AppStore|iPhone.Deploy.0 = Release|Any CPU
		{CFA91476-BECE-4F45-9F60-334610335117}.AppStore|iPhoneSimulator.ActiveCfg = Release|Any CPU
		{CFA91476-BECE-4F45-9F60-334610335117}.AppStore|iPhoneSimulator.Build.0 = Release|Any CPU
		{CFA91476-BECE-4F45-9F60-334610335117}.AppStore|iPhoneSimulator.Deploy.0 = Release|Any CPU
		{CFA91476-BECE-4F45-9F60-334610335117}.AppStore|x64.ActiveCfg = Release|Any CPU
		{CFA91476-BECE-4F45-9F60-334610335117}.AppStore|x64.Build.0 = Release|Any CPU
		{CFA91476-BECE-4F45-9F60-334610335117}.AppStore|x64.Deploy.0 = Release|Any CPU
		{CFA91476-BECE-4F45-9F60-334610335117}.AppStore|x86.ActiveCfg = Release|Any CPU
		{CFA91476-BECE-4F45-9F60-334610335117}.AppStore|x86.Build.0 = Release|Any CPU
		{CFA91476-BECE-4F45-9F60-334610335117}.AppStore|x86.Deploy.0 = Release|Any CPU
		{CFA91476-BECE-4F45-9F60-334610335117}.Debug|Any CPU.ActiveCfg = Debug|Any CPU
		{CFA91476-BECE-4F45-9F60-334610335117}.Debug|Any CPU.Build.0 = Debug|Any CPU
		{CFA91476-BECE-4F45-9F60-334610335117}.Debug|Any CPU.Deploy.0 = Debug|Any CPU
		{CFA91476-BECE-4F45-9F60-334610335117}.Debug|ARM.ActiveCfg = Debug|Any CPU
		{CFA91476-BECE-4F45-9F60-334610335117}.Debug|ARM.Build.0 = Debug|Any CPU
		{CFA91476-BECE-4F45-9F60-334610335117}.Debug|ARM.Deploy.0 = Debug|Any CPU
		{CFA91476-BECE-4F45-9F60-334610335117}.Debug|iPhone.ActiveCfg = Debug|Any CPU
		{CFA91476-BECE-4F45-9F60-334610335117}.Debug|iPhone.Build.0 = Debug|Any CPU
		{CFA91476-BECE-4F45-9F60-334610335117}.Debug|iPhone.Deploy.0 = Debug|Any CPU
		{CFA91476-BECE-4F45-9F60-334610335117}.Debug|iPhoneSimulator.ActiveCfg = Debug|Any CPU
		{CFA91476-BECE-4F45-9F60-334610335117}.Debug|iPhoneSimulator.Build.0 = Debug|Any CPU
		{CFA91476-BECE-4F45-9F60-334610335117}.Debug|iPhoneSimulator.Deploy.0 = Debug|Any CPU
		{CFA91476-BECE-4F45-9F60-334610335117}.Debug|x64.ActiveCfg = Debug|Any CPU
		{CFA91476-BECE-4F45-9F60-334610335117}.Debug|x64.Build.0 = Debug|Any CPU
		{CFA91476-BECE-4F45-9F60-334610335117}.Debug|x64.Deploy.0 = Debug|Any CPU
		{CFA91476-BECE-4F45-9F60-334610335117}.Debug|x86.ActiveCfg = Debug|Any CPU
		{CFA91476-BECE-4F45-9F60-334610335117}.Debug|x86.Build.0 = Debug|Any CPU
		{CFA91476-BECE-4F45-9F60-334610335117}.Debug|x86.Deploy.0 = Debug|Any CPU
		{CFA91476-BECE-4F45-9F60-334610335117}.Release|Any CPU.ActiveCfg = Release|Any CPU
		{CFA91476-BECE-4F45-9F60-334610335117}.Release|Any CPU.Build.0 = Release|Any CPU
		{CFA91476-BECE-4F45-9F60-334610335117}.Release|Any CPU.Deploy.0 = Release|Any CPU
		{CFA91476-BECE-4F45-9F60-334610335117}.Release|ARM.ActiveCfg = Release|Any CPU
		{CFA91476-BECE-4F45-9F60-334610335117}.Release|ARM.Build.0 = Release|Any CPU
		{CFA91476-BECE-4F45-9F60-334610335117}.Release|ARM.Deploy.0 = Release|Any CPU
		{CFA91476-BECE-4F45-9F60-334610335117}.Release|iPhone.ActiveCfg = Release|Any CPU
		{CFA91476-BECE-4F45-9F60-334610335117}.Release|iPhone.Build.0 = Release|Any CPU
		{CFA91476-BECE-4F45-9F60-334610335117}.Release|iPhone.Deploy.0 = Release|Any CPU
		{CFA91476-BECE-4F45-9F60-334610335117}.Release|iPhoneSimulator.ActiveCfg = Release|Any CPU
		{CFA91476-BECE-4F45-9F60-334610335117}.Release|iPhoneSimulator.Build.0 = Release|Any CPU
		{CFA91476-BECE-4F45-9F60-334610335117}.Release|iPhoneSimulator.Deploy.0 = Release|Any CPU
		{CFA91476-BECE-4F45-9F60-334610335117}.Release|x64.ActiveCfg = Release|Any CPU
		{CFA91476-BECE-4F45-9F60-334610335117}.Release|x64.Build.0 = Release|Any CPU
		{CFA91476-BECE-4F45-9F60-334610335117}.Release|x64.Deploy.0 = Release|Any CPU
		{CFA91476-BECE-4F45-9F60-334610335117}.Release|x86.ActiveCfg = Release|Any CPU
		{CFA91476-BECE-4F45-9F60-334610335117}.Release|x86.Build.0 = Release|Any CPU
		{CFA91476-BECE-4F45-9F60-334610335117}.Release|x86.Deploy.0 = Release|Any CPU
		{CFA91476-BECE-4F45-9F60-334610335117}.Test|Any CPU.ActiveCfg = Release|Any CPU
		{CFA91476-BECE-4F45-9F60-334610335117}.Test|Any CPU.Build.0 = Release|Any CPU
		{CFA91476-BECE-4F45-9F60-334610335117}.Test|Any CPU.Deploy.0 = Release|Any CPU
		{CFA91476-BECE-4F45-9F60-334610335117}.Test|ARM.ActiveCfg = Release|Any CPU
		{CFA91476-BECE-4F45-9F60-334610335117}.Test|ARM.Build.0 = Release|Any CPU
		{CFA91476-BECE-4F45-9F60-334610335117}.Test|ARM.Deploy.0 = Release|Any CPU
		{CFA91476-BECE-4F45-9F60-334610335117}.Test|iPhone.ActiveCfg = Release|Any CPU
		{CFA91476-BECE-4F45-9F60-334610335117}.Test|iPhone.Build.0 = Release|Any CPU
		{CFA91476-BECE-4F45-9F60-334610335117}.Test|iPhone.Deploy.0 = Release|Any CPU
		{CFA91476-BECE-4F45-9F60-334610335117}.Test|iPhoneSimulator.ActiveCfg = Release|Any CPU
		{CFA91476-BECE-4F45-9F60-334610335117}.Test|iPhoneSimulator.Build.0 = Release|Any CPU
		{CFA91476-BECE-4F45-9F60-334610335117}.Test|iPhoneSimulator.Deploy.0 = Release|Any CPU
		{CFA91476-BECE-4F45-9F60-334610335117}.Test|x64.ActiveCfg = Release|Any CPU
		{CFA91476-BECE-4F45-9F60-334610335117}.Test|x64.Build.0 = Release|Any CPU
		{CFA91476-BECE-4F45-9F60-334610335117}.Test|x64.Deploy.0 = Release|Any CPU
		{CFA91476-BECE-4F45-9F60-334610335117}.Test|x86.ActiveCfg = Release|Any CPU
		{CFA91476-BECE-4F45-9F60-334610335117}.Test|x86.Build.0 = Release|Any CPU
		{CFA91476-BECE-4F45-9F60-334610335117}.Test|x86.Deploy.0 = Release|Any CPU
		{773C755A-1265-414D-968F-B8DC5CA73A87}.Ad-Hoc|Any CPU.ActiveCfg = Ad-Hoc|iPhone
		{773C755A-1265-414D-968F-B8DC5CA73A87}.Ad-Hoc|ARM.ActiveCfg = Ad-Hoc|iPhone
		{773C755A-1265-414D-968F-B8DC5CA73A87}.Ad-Hoc|iPhone.ActiveCfg = Ad-Hoc|iPhone
		{773C755A-1265-414D-968F-B8DC5CA73A87}.Ad-Hoc|iPhone.Build.0 = Ad-Hoc|iPhone
		{773C755A-1265-414D-968F-B8DC5CA73A87}.Ad-Hoc|iPhoneSimulator.ActiveCfg = Ad-Hoc|iPhoneSimulator
		{773C755A-1265-414D-968F-B8DC5CA73A87}.Ad-Hoc|iPhoneSimulator.Build.0 = Ad-Hoc|iPhoneSimulator
		{773C755A-1265-414D-968F-B8DC5CA73A87}.Ad-Hoc|x64.ActiveCfg = Ad-Hoc|iPhone
		{773C755A-1265-414D-968F-B8DC5CA73A87}.Ad-Hoc|x86.ActiveCfg = Ad-Hoc|iPhone
		{773C755A-1265-414D-968F-B8DC5CA73A87}.AppStore|Any CPU.ActiveCfg = AppStore|iPhone
		{773C755A-1265-414D-968F-B8DC5CA73A87}.AppStore|ARM.ActiveCfg = AppStore|iPhone
		{773C755A-1265-414D-968F-B8DC5CA73A87}.AppStore|iPhone.ActiveCfg = AppStore|iPhone
		{773C755A-1265-414D-968F-B8DC5CA73A87}.AppStore|iPhone.Build.0 = AppStore|iPhone
		{773C755A-1265-414D-968F-B8DC5CA73A87}.AppStore|iPhoneSimulator.ActiveCfg = AppStore|iPhoneSimulator
		{773C755A-1265-414D-968F-B8DC5CA73A87}.AppStore|iPhoneSimulator.Build.0 = AppStore|iPhoneSimulator
		{773C755A-1265-414D-968F-B8DC5CA73A87}.AppStore|x64.ActiveCfg = AppStore|iPhone
		{773C755A-1265-414D-968F-B8DC5CA73A87}.AppStore|x86.ActiveCfg = AppStore|iPhone
		{773C755A-1265-414D-968F-B8DC5CA73A87}.Debug|Any CPU.ActiveCfg = Debug|iPhone
		{773C755A-1265-414D-968F-B8DC5CA73A87}.Debug|ARM.ActiveCfg = Debug|iPhone
		{773C755A-1265-414D-968F-B8DC5CA73A87}.Debug|iPhone.ActiveCfg = Debug|iPhone
		{773C755A-1265-414D-968F-B8DC5CA73A87}.Debug|iPhone.Build.0 = Debug|iPhone
		{773C755A-1265-414D-968F-B8DC5CA73A87}.Debug|iPhoneSimulator.ActiveCfg = Debug|iPhoneSimulator
		{773C755A-1265-414D-968F-B8DC5CA73A87}.Debug|iPhoneSimulator.Build.0 = Debug|iPhoneSimulator
		{773C755A-1265-414D-968F-B8DC5CA73A87}.Debug|x64.ActiveCfg = Debug|iPhone
		{773C755A-1265-414D-968F-B8DC5CA73A87}.Debug|x86.ActiveCfg = Debug|iPhone
		{773C755A-1265-414D-968F-B8DC5CA73A87}.Release|Any CPU.ActiveCfg = Release|iPhone
		{773C755A-1265-414D-968F-B8DC5CA73A87}.Release|ARM.ActiveCfg = Release|iPhone
		{773C755A-1265-414D-968F-B8DC5CA73A87}.Release|iPhone.ActiveCfg = Release|iPhone
		{773C755A-1265-414D-968F-B8DC5CA73A87}.Release|iPhone.Build.0 = Release|iPhone
		{773C755A-1265-414D-968F-B8DC5CA73A87}.Release|iPhoneSimulator.ActiveCfg = Release|iPhoneSimulator
		{773C755A-1265-414D-968F-B8DC5CA73A87}.Release|iPhoneSimulator.Build.0 = Release|iPhoneSimulator
		{773C755A-1265-414D-968F-B8DC5CA73A87}.Release|x64.ActiveCfg = Release|iPhone
		{773C755A-1265-414D-968F-B8DC5CA73A87}.Release|x86.ActiveCfg = Release|iPhone
		{773C755A-1265-414D-968F-B8DC5CA73A87}.Test|Any CPU.ActiveCfg = AppStore|iPhone
		{773C755A-1265-414D-968F-B8DC5CA73A87}.Test|Any CPU.Build.0 = AppStore|iPhone
		{773C755A-1265-414D-968F-B8DC5CA73A87}.Test|ARM.ActiveCfg = AppStore|iPhone
		{773C755A-1265-414D-968F-B8DC5CA73A87}.Test|ARM.Build.0 = AppStore|iPhone
		{773C755A-1265-414D-968F-B8DC5CA73A87}.Test|iPhone.ActiveCfg = AppStore|iPhone
		{773C755A-1265-414D-968F-B8DC5CA73A87}.Test|iPhone.Build.0 = AppStore|iPhone
		{773C755A-1265-414D-968F-B8DC5CA73A87}.Test|iPhoneSimulator.ActiveCfg = AppStore|iPhoneSimulator
		{773C755A-1265-414D-968F-B8DC5CA73A87}.Test|iPhoneSimulator.Build.0 = AppStore|iPhoneSimulator
		{773C755A-1265-414D-968F-B8DC5CA73A87}.Test|x64.ActiveCfg = AppStore|iPhone
		{773C755A-1265-414D-968F-B8DC5CA73A87}.Test|x64.Build.0 = AppStore|iPhone
		{773C755A-1265-414D-968F-B8DC5CA73A87}.Test|x86.ActiveCfg = AppStore|iPhone
		{773C755A-1265-414D-968F-B8DC5CA73A87}.Test|x86.Build.0 = AppStore|iPhone
		{C2C9B778-07F5-4955-B413-299A66D14FEA}.Ad-Hoc|Any CPU.ActiveCfg = Release|x86
		{C2C9B778-07F5-4955-B413-299A66D14FEA}.Ad-Hoc|Any CPU.Build.0 = Release|x86
		{C2C9B778-07F5-4955-B413-299A66D14FEA}.Ad-Hoc|Any CPU.Deploy.0 = Release|x86
		{C2C9B778-07F5-4955-B413-299A66D14FEA}.Ad-Hoc|ARM.ActiveCfg = Release|ARM
		{C2C9B778-07F5-4955-B413-299A66D14FEA}.Ad-Hoc|ARM.Build.0 = Release|ARM
		{C2C9B778-07F5-4955-B413-299A66D14FEA}.Ad-Hoc|ARM.Deploy.0 = Release|ARM
		{C2C9B778-07F5-4955-B413-299A66D14FEA}.Ad-Hoc|iPhone.ActiveCfg = Release|x86
		{C2C9B778-07F5-4955-B413-299A66D14FEA}.Ad-Hoc|iPhone.Build.0 = Release|x86
		{C2C9B778-07F5-4955-B413-299A66D14FEA}.Ad-Hoc|iPhone.Deploy.0 = Release|x86
		{C2C9B778-07F5-4955-B413-299A66D14FEA}.Ad-Hoc|iPhoneSimulator.ActiveCfg = Release|x86
		{C2C9B778-07F5-4955-B413-299A66D14FEA}.Ad-Hoc|iPhoneSimulator.Build.0 = Release|x86
		{C2C9B778-07F5-4955-B413-299A66D14FEA}.Ad-Hoc|iPhoneSimulator.Deploy.0 = Release|x86
		{C2C9B778-07F5-4955-B413-299A66D14FEA}.Ad-Hoc|x64.ActiveCfg = Release|x64
		{C2C9B778-07F5-4955-B413-299A66D14FEA}.Ad-Hoc|x64.Build.0 = Release|x64
		{C2C9B778-07F5-4955-B413-299A66D14FEA}.Ad-Hoc|x64.Deploy.0 = Release|x64
		{C2C9B778-07F5-4955-B413-299A66D14FEA}.Ad-Hoc|x86.ActiveCfg = Release|x86
		{C2C9B778-07F5-4955-B413-299A66D14FEA}.Ad-Hoc|x86.Build.0 = Release|x86
		{C2C9B778-07F5-4955-B413-299A66D14FEA}.Ad-Hoc|x86.Deploy.0 = Release|x86
		{C2C9B778-07F5-4955-B413-299A66D14FEA}.AppStore|Any CPU.ActiveCfg = Release|x86
		{C2C9B778-07F5-4955-B413-299A66D14FEA}.AppStore|Any CPU.Build.0 = Release|x86
		{C2C9B778-07F5-4955-B413-299A66D14FEA}.AppStore|Any CPU.Deploy.0 = Release|x86
		{C2C9B778-07F5-4955-B413-299A66D14FEA}.AppStore|ARM.ActiveCfg = Release|ARM
		{C2C9B778-07F5-4955-B413-299A66D14FEA}.AppStore|ARM.Build.0 = Release|ARM
		{C2C9B778-07F5-4955-B413-299A66D14FEA}.AppStore|ARM.Deploy.0 = Release|ARM
		{C2C9B778-07F5-4955-B413-299A66D14FEA}.AppStore|iPhone.ActiveCfg = Release|x86
		{C2C9B778-07F5-4955-B413-299A66D14FEA}.AppStore|iPhone.Build.0 = Release|x86
		{C2C9B778-07F5-4955-B413-299A66D14FEA}.AppStore|iPhone.Deploy.0 = Release|x86
		{C2C9B778-07F5-4955-B413-299A66D14FEA}.AppStore|iPhoneSimulator.ActiveCfg = Release|x86
		{C2C9B778-07F5-4955-B413-299A66D14FEA}.AppStore|iPhoneSimulator.Build.0 = Release|x86
		{C2C9B778-07F5-4955-B413-299A66D14FEA}.AppStore|iPhoneSimulator.Deploy.0 = Release|x86
		{C2C9B778-07F5-4955-B413-299A66D14FEA}.AppStore|x64.ActiveCfg = Release|x64
		{C2C9B778-07F5-4955-B413-299A66D14FEA}.AppStore|x64.Build.0 = Release|x64
		{C2C9B778-07F5-4955-B413-299A66D14FEA}.AppStore|x64.Deploy.0 = Release|x64
		{C2C9B778-07F5-4955-B413-299A66D14FEA}.AppStore|x86.ActiveCfg = Release|x86
		{C2C9B778-07F5-4955-B413-299A66D14FEA}.AppStore|x86.Build.0 = Release|x86
		{C2C9B778-07F5-4955-B413-299A66D14FEA}.AppStore|x86.Deploy.0 = Release|x86
		{C2C9B778-07F5-4955-B413-299A66D14FEA}.Debug|Any CPU.ActiveCfg = Debug|x86
		{C2C9B778-07F5-4955-B413-299A66D14FEA}.Debug|ARM.ActiveCfg = Debug|ARM
		{C2C9B778-07F5-4955-B413-299A66D14FEA}.Debug|ARM.Build.0 = Debug|ARM
		{C2C9B778-07F5-4955-B413-299A66D14FEA}.Debug|ARM.Deploy.0 = Debug|ARM
		{C2C9B778-07F5-4955-B413-299A66D14FEA}.Debug|iPhone.ActiveCfg = Debug|x86
		{C2C9B778-07F5-4955-B413-299A66D14FEA}.Debug|iPhoneSimulator.ActiveCfg = Debug|x86
		{C2C9B778-07F5-4955-B413-299A66D14FEA}.Debug|x64.ActiveCfg = Debug|x64
		{C2C9B778-07F5-4955-B413-299A66D14FEA}.Debug|x64.Build.0 = Debug|x64
		{C2C9B778-07F5-4955-B413-299A66D14FEA}.Debug|x64.Deploy.0 = Debug|x64
		{C2C9B778-07F5-4955-B413-299A66D14FEA}.Debug|x86.ActiveCfg = Debug|x86
		{C2C9B778-07F5-4955-B413-299A66D14FEA}.Debug|x86.Build.0 = Debug|x86
		{C2C9B778-07F5-4955-B413-299A66D14FEA}.Debug|x86.Deploy.0 = Debug|x86
		{C2C9B778-07F5-4955-B413-299A66D14FEA}.Release|Any CPU.ActiveCfg = Release|x86
		{C2C9B778-07F5-4955-B413-299A66D14FEA}.Release|ARM.ActiveCfg = Release|ARM
		{C2C9B778-07F5-4955-B413-299A66D14FEA}.Release|ARM.Build.0 = Release|ARM
		{C2C9B778-07F5-4955-B413-299A66D14FEA}.Release|ARM.Deploy.0 = Release|ARM
		{C2C9B778-07F5-4955-B413-299A66D14FEA}.Release|iPhone.ActiveCfg = Release|x86
		{C2C9B778-07F5-4955-B413-299A66D14FEA}.Release|iPhoneSimulator.ActiveCfg = Release|x86
		{C2C9B778-07F5-4955-B413-299A66D14FEA}.Release|x64.ActiveCfg = Release|x64
		{C2C9B778-07F5-4955-B413-299A66D14FEA}.Release|x64.Build.0 = Release|x64
		{C2C9B778-07F5-4955-B413-299A66D14FEA}.Release|x64.Deploy.0 = Release|x64
		{C2C9B778-07F5-4955-B413-299A66D14FEA}.Release|x86.ActiveCfg = Release|x86
		{C2C9B778-07F5-4955-B413-299A66D14FEA}.Release|x86.Build.0 = Release|x86
		{C2C9B778-07F5-4955-B413-299A66D14FEA}.Release|x86.Deploy.0 = Release|x86
		{C2C9B778-07F5-4955-B413-299A66D14FEA}.Test|Any CPU.ActiveCfg = Release|x86
		{C2C9B778-07F5-4955-B413-299A66D14FEA}.Test|Any CPU.Build.0 = Release|x86
		{C2C9B778-07F5-4955-B413-299A66D14FEA}.Test|Any CPU.Deploy.0 = Release|x86
		{C2C9B778-07F5-4955-B413-299A66D14FEA}.Test|ARM.ActiveCfg = Release|ARM
		{C2C9B778-07F5-4955-B413-299A66D14FEA}.Test|ARM.Build.0 = Release|ARM
		{C2C9B778-07F5-4955-B413-299A66D14FEA}.Test|ARM.Deploy.0 = Release|ARM
		{C2C9B778-07F5-4955-B413-299A66D14FEA}.Test|iPhone.ActiveCfg = Release|x86
		{C2C9B778-07F5-4955-B413-299A66D14FEA}.Test|iPhone.Build.0 = Release|x86
		{C2C9B778-07F5-4955-B413-299A66D14FEA}.Test|iPhone.Deploy.0 = Release|x86
		{C2C9B778-07F5-4955-B413-299A66D14FEA}.Test|iPhoneSimulator.ActiveCfg = Release|x86
		{C2C9B778-07F5-4955-B413-299A66D14FEA}.Test|iPhoneSimulator.Build.0 = Release|x86
		{C2C9B778-07F5-4955-B413-299A66D14FEA}.Test|iPhoneSimulator.Deploy.0 = Release|x86
		{C2C9B778-07F5-4955-B413-299A66D14FEA}.Test|x64.ActiveCfg = Release|x64
		{C2C9B778-07F5-4955-B413-299A66D14FEA}.Test|x64.Build.0 = Release|x64
		{C2C9B778-07F5-4955-B413-299A66D14FEA}.Test|x64.Deploy.0 = Release|x64
		{C2C9B778-07F5-4955-B413-299A66D14FEA}.Test|x86.ActiveCfg = Release|x86
		{C2C9B778-07F5-4955-B413-299A66D14FEA}.Test|x86.Build.0 = Release|x86
		{C2C9B778-07F5-4955-B413-299A66D14FEA}.Test|x86.Deploy.0 = Release|x86
		{6586CC31-9343-4E1C-BE44-F09D2356C578}.Ad-Hoc|Any CPU.ActiveCfg = Debug|Any CPU
		{6586CC31-9343-4E1C-BE44-F09D2356C578}.Ad-Hoc|Any CPU.Build.0 = Debug|Any CPU
		{6586CC31-9343-4E1C-BE44-F09D2356C578}.Ad-Hoc|ARM.ActiveCfg = Debug|Any CPU
		{6586CC31-9343-4E1C-BE44-F09D2356C578}.Ad-Hoc|ARM.Build.0 = Debug|Any CPU
		{6586CC31-9343-4E1C-BE44-F09D2356C578}.Ad-Hoc|iPhone.ActiveCfg = Debug|Any CPU
		{6586CC31-9343-4E1C-BE44-F09D2356C578}.Ad-Hoc|iPhone.Build.0 = Debug|Any CPU
		{6586CC31-9343-4E1C-BE44-F09D2356C578}.Ad-Hoc|iPhoneSimulator.ActiveCfg = Debug|Any CPU
		{6586CC31-9343-4E1C-BE44-F09D2356C578}.Ad-Hoc|iPhoneSimulator.Build.0 = Debug|Any CPU
		{6586CC31-9343-4E1C-BE44-F09D2356C578}.Ad-Hoc|x64.ActiveCfg = Debug|Any CPU
		{6586CC31-9343-4E1C-BE44-F09D2356C578}.Ad-Hoc|x64.Build.0 = Debug|Any CPU
		{6586CC31-9343-4E1C-BE44-F09D2356C578}.Ad-Hoc|x86.ActiveCfg = Debug|Any CPU
		{6586CC31-9343-4E1C-BE44-F09D2356C578}.Ad-Hoc|x86.Build.0 = Debug|Any CPU
		{6586CC31-9343-4E1C-BE44-F09D2356C578}.AppStore|Any CPU.ActiveCfg = Debug|Any CPU
		{6586CC31-9343-4E1C-BE44-F09D2356C578}.AppStore|Any CPU.Build.0 = Debug|Any CPU
		{6586CC31-9343-4E1C-BE44-F09D2356C578}.AppStore|ARM.ActiveCfg = Debug|Any CPU
		{6586CC31-9343-4E1C-BE44-F09D2356C578}.AppStore|ARM.Build.0 = Debug|Any CPU
		{6586CC31-9343-4E1C-BE44-F09D2356C578}.AppStore|iPhone.ActiveCfg = Debug|Any CPU
		{6586CC31-9343-4E1C-BE44-F09D2356C578}.AppStore|iPhone.Build.0 = Debug|Any CPU
		{6586CC31-9343-4E1C-BE44-F09D2356C578}.AppStore|iPhoneSimulator.ActiveCfg = Debug|Any CPU
		{6586CC31-9343-4E1C-BE44-F09D2356C578}.AppStore|iPhoneSimulator.Build.0 = Debug|Any CPU
		{6586CC31-9343-4E1C-BE44-F09D2356C578}.AppStore|x64.ActiveCfg = Debug|Any CPU
		{6586CC31-9343-4E1C-BE44-F09D2356C578}.AppStore|x64.Build.0 = Debug|Any CPU
		{6586CC31-9343-4E1C-BE44-F09D2356C578}.AppStore|x86.ActiveCfg = Debug|Any CPU
		{6586CC31-9343-4E1C-BE44-F09D2356C578}.AppStore|x86.Build.0 = Debug|Any CPU
		{6586CC31-9343-4E1C-BE44-F09D2356C578}.Debug|Any CPU.ActiveCfg = Debug|Any CPU
		{6586CC31-9343-4E1C-BE44-F09D2356C578}.Debug|Any CPU.Build.0 = Debug|Any CPU
		{6586CC31-9343-4E1C-BE44-F09D2356C578}.Debug|ARM.ActiveCfg = Debug|Any CPU
		{6586CC31-9343-4E1C-BE44-F09D2356C578}.Debug|ARM.Build.0 = Debug|Any CPU
		{6586CC31-9343-4E1C-BE44-F09D2356C578}.Debug|iPhone.ActiveCfg = Debug|Any CPU
		{6586CC31-9343-4E1C-BE44-F09D2356C578}.Debug|iPhone.Build.0 = Debug|Any CPU
		{6586CC31-9343-4E1C-BE44-F09D2356C578}.Debug|iPhoneSimulator.ActiveCfg = Debug|Any CPU
		{6586CC31-9343-4E1C-BE44-F09D2356C578}.Debug|iPhoneSimulator.Build.0 = Debug|Any CPU
		{6586CC31-9343-4E1C-BE44-F09D2356C578}.Debug|x64.ActiveCfg = Debug|Any CPU
		{6586CC31-9343-4E1C-BE44-F09D2356C578}.Debug|x64.Build.0 = Debug|Any CPU
		{6586CC31-9343-4E1C-BE44-F09D2356C578}.Debug|x86.ActiveCfg = Debug|Any CPU
		{6586CC31-9343-4E1C-BE44-F09D2356C578}.Debug|x86.Build.0 = Debug|Any CPU
		{6586CC31-9343-4E1C-BE44-F09D2356C578}.Release|Any CPU.ActiveCfg = Release|Any CPU
		{6586CC31-9343-4E1C-BE44-F09D2356C578}.Release|Any CPU.Build.0 = Release|Any CPU
		{6586CC31-9343-4E1C-BE44-F09D2356C578}.Release|ARM.ActiveCfg = Release|Any CPU
		{6586CC31-9343-4E1C-BE44-F09D2356C578}.Release|ARM.Build.0 = Release|Any CPU
		{6586CC31-9343-4E1C-BE44-F09D2356C578}.Release|iPhone.ActiveCfg = Release|Any CPU
		{6586CC31-9343-4E1C-BE44-F09D2356C578}.Release|iPhone.Build.0 = Release|Any CPU
		{6586CC31-9343-4E1C-BE44-F09D2356C578}.Release|iPhoneSimulator.ActiveCfg = Release|Any CPU
		{6586CC31-9343-4E1C-BE44-F09D2356C578}.Release|iPhoneSimulator.Build.0 = Release|Any CPU
		{6586CC31-9343-4E1C-BE44-F09D2356C578}.Release|x64.ActiveCfg = Release|Any CPU
		{6586CC31-9343-4E1C-BE44-F09D2356C578}.Release|x64.Build.0 = Release|Any CPU
		{6586CC31-9343-4E1C-BE44-F09D2356C578}.Release|x86.ActiveCfg = Release|Any CPU
		{6586CC31-9343-4E1C-BE44-F09D2356C578}.Release|x86.Build.0 = Release|Any CPU
		{6586CC31-9343-4E1C-BE44-F09D2356C578}.Test|Any CPU.ActiveCfg = Debug|Any CPU
		{6586CC31-9343-4E1C-BE44-F09D2356C578}.Test|Any CPU.Build.0 = Debug|Any CPU
		{6586CC31-9343-4E1C-BE44-F09D2356C578}.Test|ARM.ActiveCfg = Debug|Any CPU
		{6586CC31-9343-4E1C-BE44-F09D2356C578}.Test|ARM.Build.0 = Debug|Any CPU
		{6586CC31-9343-4E1C-BE44-F09D2356C578}.Test|iPhone.ActiveCfg = Debug|Any CPU
		{6586CC31-9343-4E1C-BE44-F09D2356C578}.Test|iPhone.Build.0 = Debug|Any CPU
		{6586CC31-9343-4E1C-BE44-F09D2356C578}.Test|iPhoneSimulator.ActiveCfg = Debug|Any CPU
		{6586CC31-9343-4E1C-BE44-F09D2356C578}.Test|iPhoneSimulator.Build.0 = Debug|Any CPU
		{6586CC31-9343-4E1C-BE44-F09D2356C578}.Test|x64.ActiveCfg = Debug|Any CPU
		{6586CC31-9343-4E1C-BE44-F09D2356C578}.Test|x64.Build.0 = Debug|Any CPU
		{6586CC31-9343-4E1C-BE44-F09D2356C578}.Test|x86.ActiveCfg = Debug|Any CPU
		{6586CC31-9343-4E1C-BE44-F09D2356C578}.Test|x86.Build.0 = Debug|Any CPU
		{CFA56026-873F-4296-A532-22FCAA756C6B}.Ad-Hoc|Any CPU.ActiveCfg = Release|Any CPU
		{CFA56026-873F-4296-A532-22FCAA756C6B}.Ad-Hoc|Any CPU.Build.0 = Release|Any CPU
		{CFA56026-873F-4296-A532-22FCAA756C6B}.Ad-Hoc|Any CPU.Deploy.0 = Release|Any CPU
		{CFA56026-873F-4296-A532-22FCAA756C6B}.Ad-Hoc|ARM.ActiveCfg = Release|Any CPU
		{CFA56026-873F-4296-A532-22FCAA756C6B}.Ad-Hoc|ARM.Build.0 = Release|Any CPU
		{CFA56026-873F-4296-A532-22FCAA756C6B}.Ad-Hoc|ARM.Deploy.0 = Release|Any CPU
		{CFA56026-873F-4296-A532-22FCAA756C6B}.Ad-Hoc|iPhone.ActiveCfg = Release|Any CPU
		{CFA56026-873F-4296-A532-22FCAA756C6B}.Ad-Hoc|iPhone.Build.0 = Release|Any CPU
		{CFA56026-873F-4296-A532-22FCAA756C6B}.Ad-Hoc|iPhone.Deploy.0 = Release|Any CPU
		{CFA56026-873F-4296-A532-22FCAA756C6B}.Ad-Hoc|iPhoneSimulator.ActiveCfg = Release|Any CPU
		{CFA56026-873F-4296-A532-22FCAA756C6B}.Ad-Hoc|iPhoneSimulator.Build.0 = Release|Any CPU
		{CFA56026-873F-4296-A532-22FCAA756C6B}.Ad-Hoc|iPhoneSimulator.Deploy.0 = Release|Any CPU
		{CFA56026-873F-4296-A532-22FCAA756C6B}.Ad-Hoc|x64.ActiveCfg = Release|Any CPU
		{CFA56026-873F-4296-A532-22FCAA756C6B}.Ad-Hoc|x64.Build.0 = Release|Any CPU
		{CFA56026-873F-4296-A532-22FCAA756C6B}.Ad-Hoc|x64.Deploy.0 = Release|Any CPU
		{CFA56026-873F-4296-A532-22FCAA756C6B}.Ad-Hoc|x86.ActiveCfg = Release|Any CPU
		{CFA56026-873F-4296-A532-22FCAA756C6B}.Ad-Hoc|x86.Build.0 = Release|Any CPU
		{CFA56026-873F-4296-A532-22FCAA756C6B}.Ad-Hoc|x86.Deploy.0 = Release|Any CPU
		{CFA56026-873F-4296-A532-22FCAA756C6B}.AppStore|Any CPU.ActiveCfg = Release|Any CPU
		{CFA56026-873F-4296-A532-22FCAA756C6B}.AppStore|Any CPU.Build.0 = Release|Any CPU
		{CFA56026-873F-4296-A532-22FCAA756C6B}.AppStore|Any CPU.Deploy.0 = Release|Any CPU
		{CFA56026-873F-4296-A532-22FCAA756C6B}.AppStore|ARM.ActiveCfg = Release|Any CPU
		{CFA56026-873F-4296-A532-22FCAA756C6B}.AppStore|ARM.Build.0 = Release|Any CPU
		{CFA56026-873F-4296-A532-22FCAA756C6B}.AppStore|ARM.Deploy.0 = Release|Any CPU
		{CFA56026-873F-4296-A532-22FCAA756C6B}.AppStore|iPhone.ActiveCfg = Release|Any CPU
		{CFA56026-873F-4296-A532-22FCAA756C6B}.AppStore|iPhone.Build.0 = Release|Any CPU
		{CFA56026-873F-4296-A532-22FCAA756C6B}.AppStore|iPhone.Deploy.0 = Release|Any CPU
		{CFA56026-873F-4296-A532-22FCAA756C6B}.AppStore|iPhoneSimulator.ActiveCfg = Release|Any CPU
		{CFA56026-873F-4296-A532-22FCAA756C6B}.AppStore|iPhoneSimulator.Build.0 = Release|Any CPU
		{CFA56026-873F-4296-A532-22FCAA756C6B}.AppStore|iPhoneSimulator.Deploy.0 = Release|Any CPU
		{CFA56026-873F-4296-A532-22FCAA756C6B}.AppStore|x64.ActiveCfg = Release|Any CPU
		{CFA56026-873F-4296-A532-22FCAA756C6B}.AppStore|x64.Build.0 = Release|Any CPU
		{CFA56026-873F-4296-A532-22FCAA756C6B}.AppStore|x64.Deploy.0 = Release|Any CPU
		{CFA56026-873F-4296-A532-22FCAA756C6B}.AppStore|x86.ActiveCfg = Release|Any CPU
		{CFA56026-873F-4296-A532-22FCAA756C6B}.AppStore|x86.Build.0 = Release|Any CPU
		{CFA56026-873F-4296-A532-22FCAA756C6B}.AppStore|x86.Deploy.0 = Release|Any CPU
		{CFA56026-873F-4296-A532-22FCAA756C6B}.Debug|Any CPU.ActiveCfg = Debug|Any CPU
		{CFA56026-873F-4296-A532-22FCAA756C6B}.Debug|Any CPU.Build.0 = Debug|Any CPU
		{CFA56026-873F-4296-A532-22FCAA756C6B}.Debug|Any CPU.Deploy.0 = Debug|Any CPU
		{CFA56026-873F-4296-A532-22FCAA756C6B}.Debug|ARM.ActiveCfg = Debug|Any CPU
		{CFA56026-873F-4296-A532-22FCAA756C6B}.Debug|ARM.Build.0 = Debug|Any CPU
		{CFA56026-873F-4296-A532-22FCAA756C6B}.Debug|ARM.Deploy.0 = Debug|Any CPU
		{CFA56026-873F-4296-A532-22FCAA756C6B}.Debug|iPhone.ActiveCfg = Debug|Any CPU
		{CFA56026-873F-4296-A532-22FCAA756C6B}.Debug|iPhone.Build.0 = Debug|Any CPU
		{CFA56026-873F-4296-A532-22FCAA756C6B}.Debug|iPhone.Deploy.0 = Debug|Any CPU
		{CFA56026-873F-4296-A532-22FCAA756C6B}.Debug|iPhoneSimulator.ActiveCfg = Debug|Any CPU
		{CFA56026-873F-4296-A532-22FCAA756C6B}.Debug|iPhoneSimulator.Build.0 = Debug|Any CPU
		{CFA56026-873F-4296-A532-22FCAA756C6B}.Debug|iPhoneSimulator.Deploy.0 = Debug|Any CPU
		{CFA56026-873F-4296-A532-22FCAA756C6B}.Debug|x64.ActiveCfg = Debug|Any CPU
		{CFA56026-873F-4296-A532-22FCAA756C6B}.Debug|x64.Build.0 = Debug|Any CPU
		{CFA56026-873F-4296-A532-22FCAA756C6B}.Debug|x64.Deploy.0 = Debug|Any CPU
		{CFA56026-873F-4296-A532-22FCAA756C6B}.Debug|x86.ActiveCfg = Debug|Any CPU
		{CFA56026-873F-4296-A532-22FCAA756C6B}.Debug|x86.Build.0 = Debug|Any CPU
		{CFA56026-873F-4296-A532-22FCAA756C6B}.Debug|x86.Deploy.0 = Debug|Any CPU
		{CFA56026-873F-4296-A532-22FCAA756C6B}.Release|Any CPU.ActiveCfg = Release|Any CPU
		{CFA56026-873F-4296-A532-22FCAA756C6B}.Release|Any CPU.Build.0 = Release|Any CPU
		{CFA56026-873F-4296-A532-22FCAA756C6B}.Release|Any CPU.Deploy.0 = Release|Any CPU
		{CFA56026-873F-4296-A532-22FCAA756C6B}.Release|ARM.ActiveCfg = Release|Any CPU
		{CFA56026-873F-4296-A532-22FCAA756C6B}.Release|ARM.Build.0 = Release|Any CPU
		{CFA56026-873F-4296-A532-22FCAA756C6B}.Release|ARM.Deploy.0 = Release|Any CPU
		{CFA56026-873F-4296-A532-22FCAA756C6B}.Release|iPhone.ActiveCfg = Release|Any CPU
		{CFA56026-873F-4296-A532-22FCAA756C6B}.Release|iPhone.Build.0 = Release|Any CPU
		{CFA56026-873F-4296-A532-22FCAA756C6B}.Release|iPhone.Deploy.0 = Release|Any CPU
		{CFA56026-873F-4296-A532-22FCAA756C6B}.Release|iPhoneSimulator.ActiveCfg = Release|Any CPU
		{CFA56026-873F-4296-A532-22FCAA756C6B}.Release|iPhoneSimulator.Build.0 = Release|Any CPU
		{CFA56026-873F-4296-A532-22FCAA756C6B}.Release|iPhoneSimulator.Deploy.0 = Release|Any CPU
		{CFA56026-873F-4296-A532-22FCAA756C6B}.Release|x64.ActiveCfg = Release|Any CPU
		{CFA56026-873F-4296-A532-22FCAA756C6B}.Release|x64.Build.0 = Release|Any CPU
		{CFA56026-873F-4296-A532-22FCAA756C6B}.Release|x64.Deploy.0 = Release|Any CPU
		{CFA56026-873F-4296-A532-22FCAA756C6B}.Release|x86.ActiveCfg = Release|Any CPU
		{CFA56026-873F-4296-A532-22FCAA756C6B}.Release|x86.Build.0 = Release|Any CPU
		{CFA56026-873F-4296-A532-22FCAA756C6B}.Release|x86.Deploy.0 = Release|Any CPU
		{CFA56026-873F-4296-A532-22FCAA756C6B}.Test|Any CPU.ActiveCfg = Release|Any CPU
		{CFA56026-873F-4296-A532-22FCAA756C6B}.Test|Any CPU.Build.0 = Release|Any CPU
		{CFA56026-873F-4296-A532-22FCAA756C6B}.Test|Any CPU.Deploy.0 = Release|Any CPU
		{CFA56026-873F-4296-A532-22FCAA756C6B}.Test|ARM.ActiveCfg = Release|Any CPU
		{CFA56026-873F-4296-A532-22FCAA756C6B}.Test|ARM.Build.0 = Release|Any CPU
		{CFA56026-873F-4296-A532-22FCAA756C6B}.Test|ARM.Deploy.0 = Release|Any CPU
		{CFA56026-873F-4296-A532-22FCAA756C6B}.Test|iPhone.ActiveCfg = Release|Any CPU
		{CFA56026-873F-4296-A532-22FCAA756C6B}.Test|iPhone.Build.0 = Release|Any CPU
		{CFA56026-873F-4296-A532-22FCAA756C6B}.Test|iPhone.Deploy.0 = Release|Any CPU
		{CFA56026-873F-4296-A532-22FCAA756C6B}.Test|iPhoneSimulator.ActiveCfg = Release|Any CPU
		{CFA56026-873F-4296-A532-22FCAA756C6B}.Test|iPhoneSimulator.Build.0 = Release|Any CPU
		{CFA56026-873F-4296-A532-22FCAA756C6B}.Test|iPhoneSimulator.Deploy.0 = Release|Any CPU
		{CFA56026-873F-4296-A532-22FCAA756C6B}.Test|x64.ActiveCfg = Release|Any CPU
		{CFA56026-873F-4296-A532-22FCAA756C6B}.Test|x64.Build.0 = Release|Any CPU
		{CFA56026-873F-4296-A532-22FCAA756C6B}.Test|x64.Deploy.0 = Release|Any CPU
		{CFA56026-873F-4296-A532-22FCAA756C6B}.Test|x86.ActiveCfg = Release|Any CPU
		{CFA56026-873F-4296-A532-22FCAA756C6B}.Test|x86.Build.0 = Release|Any CPU
		{CFA56026-873F-4296-A532-22FCAA756C6B}.Test|x86.Deploy.0 = Release|Any CPU
	EndGlobalSection
	GlobalSection(SolutionProperties) = preSolution
		HideSolutionNode = FALSE
	EndGlobalSection
	GlobalSection(NestedProjects) = preSolution
		{5F026DB4-CAAE-4DE0-8105-FF133A3655B7} = {0DED8477-C3BE-49B1-9F4C-DCD3E3E02EA1}
		{1A7FACFB-952B-42CA-9D70-61CB0D5FDEDF} = {0DED8477-C3BE-49B1-9F4C-DCD3E3E02EA1}
		{45454AAB-F431-422F-BECB-D0B959D1899A} = {0DED8477-C3BE-49B1-9F4C-DCD3E3E02EA1}
		{585BAF24-E652-4668-BAF3-21A25BEBFE79} = {0DED8477-C3BE-49B1-9F4C-DCD3E3E02EA1}
		{CFA91476-BECE-4F45-9F60-334610335117} = {A888F472-AB70-44B3-8A40-C2B932DA8344}
		{773C755A-1265-414D-968F-B8DC5CA73A87} = {A888F472-AB70-44B3-8A40-C2B932DA8344}
		{C2C9B778-07F5-4955-B413-299A66D14FEA} = {A888F472-AB70-44B3-8A40-C2B932DA8344}
		{6586CC31-9343-4E1C-BE44-F09D2356C578} = {A888F472-AB70-44B3-8A40-C2B932DA8344}
		{CFA56026-873F-4296-A532-22FCAA756C6B} = {A888F472-AB70-44B3-8A40-C2B932DA8344}
	EndGlobalSection
	GlobalSection(ExtensibilityGlobals) = postSolution
		SolutionGuid = {4310591D-63C6-4CE2-A6C0-16C03E5E4658}
	EndGlobalSection
	GlobalSection(MonoDevelopProperties) = preSolution
		Policies = $0
		$0.DotNetNamingPolicy = $1
		$1.DirectoryNamespaceAssociation = None
		$1.ResourceNamePolicy = FileFormatDefault
		$0.StandardHeader = $2
		$2.Text = 
		$2.IncludeInNewFiles = True
		description = Demo app of Forms9Patch
	EndGlobalSection
EndGlobal
