
Microsoft Visual Studio Solution File, Format Version 12.00
# Visual Studio 15
VisualStudioVersion = 15.0.27130.2010
MinimumVisualStudioVersion = 10.0.40219.1
Project("{9A19103F-16F7-4668-BE54-9A1E7A4F7556}") = "Forms9PatchDemo.NetStandard", "Forms9PatchDemo.NetStandard\Forms9PatchDemo.NetStandard.csproj", "{1388DC48-9396-40B6-B948-6B56A2AA94D8}"
EndProject
Project("{FAE04EC0-301F-11D3-BF4B-00C04F79EFBC}") = "Forms9PatchDemo.NetStandard.iOS", "Forms9PatchDemo.NetStandard.iOS\Forms9PatchDemo.NetStandard.iOS.csproj", "{7B5EDC91-C784-476D-A3EF-90369B57DF20}"
EndProject
Project("{FAE04EC0-301F-11D3-BF4B-00C04F79EFBC}") = "Forms9PatchDemo.NetStandard.Droid", "Forms9PatchDemo.NetStandard.Droid\Forms9PatchDemo.NetStandard.Droid.csproj", "{12A221C5-135C-4148-B348-323735D10C55}"
EndProject
Project("{FAE04EC0-301F-11D3-BF4B-00C04F79EFBC}") = "Forms9PatchDemo.NetStandard.UWP", "Forms9PatchDemo.NetStandard.UWP\Forms9PatchDemo.NetStandard.UWP.csproj", "{592FEF99-BE8D-4111-909B-D7448835B157}"
EndProject
Project("{2150E333-8FDC-42A3-9474-1A3956D46DE8}") = "Source", "Source", "{2CF89FB6-3A3E-41A0-942E-CF8D9878DD13}"
	ProjectSection(SolutionItems) = preProject
		Source\Forms9PatchDemo.cs = Source\Forms9PatchDemo.cs
		Source\Forms9PatchDemo.targets = Source\Forms9PatchDemo.targets
		Source\Forms9PatchDemoXaml.targets = Source\Forms9PatchDemoXaml.targets
		Source\HomePage.cs = Source\HomePage.cs
	EndProjectSection
EndProject
Project("{2150E333-8FDC-42A3-9474-1A3956D46DE8}") = "UserPages", "UserPages", "{B2C46D72-8D18-45B0-8558-F2AD0F206E63}"
	ProjectSection(SolutionItems) = preProject
		Source\UserPages\AbsoluteLayoutExplorationCode.cs = Source\UserPages\AbsoluteLayoutExplorationCode.cs
		Source\UserPages\BackgroundImageOpacityPage.cs = Source\UserPages\BackgroundImageOpacityPage.cs
		Source\UserPages\br.cs = Source\UserPages\br.cs
		Source\UserPages\Burkhart.xaml = Source\UserPages\Burkhart.xaml
		Source\UserPages\Burkhart.xaml.cs = Source\UserPages\Burkhart.xaml.cs
		Source\UserPages\ButtonTapped.cs = Source\UserPages\ButtonTapped.cs
		Source\UserPages\ChatListPage.cs = Source\UserPages\ChatListPage.cs
		Source\UserPages\CustomFontEffectPage.cs = Source\UserPages\CustomFontEffectPage.cs
		Source\UserPages\DataForBinding.cs = Source\UserPages\DataForBinding.cs
		Source\UserPages\fontsizetestPage.xaml = Source\UserPages\fontsizetestPage.xaml
		Source\UserPages\fontsizetestPage.xaml.cs = Source\UserPages\fontsizetestPage.xaml.cs
		Source\UserPages\HeapDemoPage.cs = Source\UserPages\HeapDemoPage.cs
		Source\UserPages\ListViewWithF9PLabelInCells.cs = Source\UserPages\ListViewWithF9PLabelInCells.cs
		Source\UserPages\ListViewWithF9PLabelInCells.xaml = Source\UserPages\ListViewWithF9PLabelInCells.xaml
		Source\UserPages\ListViewWithF9PLabelInCells.xaml.cs = Source\UserPages\ListViewWithF9PLabelInCells.xaml.cs
		Source\UserPages\ModalPopupOnMasterDetailPage.cs = Source\UserPages\ModalPopupOnMasterDetailPage.cs
		Source\UserPages\ModalPopupWithNavigationPages.cs = Source\UserPages\ModalPopupWithNavigationPages.cs
		Source\UserPages\NestedBubblePopupPage.cs = Source\UserPages\NestedBubblePopupPage.cs
		Source\UserPages\SegmentBindingPage.xaml = Source\UserPages\SegmentBindingPage.xaml
		Source\UserPages\SegmentBindingPage.xaml.cs = Source\UserPages\SegmentBindingPage.xaml.cs
		Source\UserPages\SegmentNavPage1.cs = Source\UserPages\SegmentNavPage1.cs
		Source\UserPages\SegmentNavPage2.cs = Source\UserPages\SegmentNavPage2.cs
		Source\UserPages\SegmentNavPage3.cs = Source\UserPages\SegmentNavPage3.cs
		Source\UserPages\SegmentSelectedBackgroundPage.cs = Source\UserPages\SegmentSelectedBackgroundPage.cs
		Source\UserPages\SegmentXAML.xaml = Source\UserPages\SegmentXAML.xaml
		Source\UserPages\SegmentXAML.xaml.cs = Source\UserPages\SegmentXAML.xaml.cs
		Source\UserPages\StretchIssuePage.xaml = Source\UserPages\StretchIssuePage.xaml
		Source\UserPages\StretchIssuePage.xaml.cs = Source\UserPages\StretchIssuePage.xaml.cs
		Source\UserPages\UserHomePage.cs = Source\UserPages\UserHomePage.cs
		Source\UserPages\ZenmekPage.cs = Source\UserPages\ZenmekPage.cs
	EndProjectSection
EndProject
Project("{2150E333-8FDC-42A3-9474-1A3956D46DE8}") = "Extensions", "Extensions", "{50134C4F-3F78-43E3-929D-805F6B5E57C5}"
	ProjectSection(SolutionItems) = preProject
		Source\Extensions\ImageResourceExtension.cs = Source\Extensions\ImageResourceExtension.cs
	EndProjectSection
EndProject
Project("{2150E333-8FDC-42A3-9474-1A3956D46DE8}") = "Pages.Code", "Pages.Code", "{5842A052-1376-4DFE-BF65-4BFCA3347AF2}"
	ProjectSection(SolutionItems) = preProject
		Source\Pages.Code\BubblePopupTestPage.cs = Source\Pages.Code\BubblePopupTestPage.cs
		Source\Pages.Code\ButtonAndSegmentAlignments.cs = Source\Pages.Code\ButtonAndSegmentAlignments.cs
		Source\Pages.Code\ButtonCodePage.cs = Source\Pages.Code\ButtonCodePage.cs
		Source\Pages.Code\ClipboardTest.cs = Source\Pages.Code\ClipboardTest.cs
		Source\Pages.Code\CustomFontEffectPage.cs = Source\Pages.Code\CustomFontEffectPage.cs
		Source\Pages.Code\ExternalEmbeddedResourceImage.cs = Source\Pages.Code\ExternalEmbeddedResourceImage.cs
		Source\Pages.Code\FontSizeTest.cs = Source\Pages.Code\FontSizeTest.cs
		Source\Pages.Code\GestureTestPage.cs = Source\Pages.Code\GestureTestPage.cs
		Source\Pages.Code\HardwareKeyPage.cs = Source\Pages.Code\HardwareKeyPage.cs
		Source\Pages.Code\HardwareKeyPage1.cs = Source\Pages.Code\HardwareKeyPage1.cs
		Source\Pages.Code\HtmlButtonsPage.cs = Source\Pages.Code\HtmlButtonsPage.cs
		Source\Pages.Code\HtmlLabelPage.cs = Source\Pages.Code\HtmlLabelPage.cs
		Source\Pages.Code\HtmlLink.cs = Source\Pages.Code\HtmlLink.cs
		Source\Pages.Code\ImageCodePage.cs = Source\Pages.Code\ImageCodePage.cs
		Source\Pages.Code\LabelAutoFitPage.cs = Source\Pages.Code\LabelAutoFitPage.cs
		Source\Pages.Code\LayoutCodePage.cs = Source\Pages.Code\LayoutCodePage.cs
		Source\Pages.Code\ListViewSandbox.cs = Source\Pages.Code\ListViewSandbox.cs
		Source\Pages.Code\ModalPopupTestPage.cs = Source\Pages.Code\ModalPopupTestPage.cs
		Source\Pages.Code\PickerInPopup.cs = Source\Pages.Code\PickerInPopup.cs
		Source\Pages.Code\PopupsPage.cs = Source\Pages.Code\PopupsPage.cs
		Source\Pages.Code\SimpleLabelFitting.cs = Source\Pages.Code\SimpleLabelFitting.cs
		Source\Pages.Code\SingleButton.cs = Source\Pages.Code\SingleButton.cs
		Source\Pages.Code\SingleSegmentedControl.cs = Source\Pages.Code\SingleSegmentedControl.cs
		Source\Pages.Code\SVG_ButtonBackgroundImage.cs = Source\Pages.Code\SVG_ButtonBackgroundImage.cs
		Source\Pages.Code\UnconstrainedLabelAutoFitPage.cs = Source\Pages.Code\UnconstrainedLabelAutoFitPage.cs
	EndProjectSection
EndProject
Project("{2150E333-8FDC-42A3-9474-1A3956D46DE8}") = "Pages.Xaml", "Pages.Xaml", "{DC5BCB61-259A-4A91-A464-5CA831F03320}"
	ProjectSection(SolutionItems) = preProject
		Source\Pages.Xaml\XamlCapsInsetPage.xaml = Source\Pages.Xaml\XamlCapsInsetPage.xaml
		Source\Pages.Xaml\XamlCapsInsetPage.xaml.cs = Source\Pages.Xaml\XamlCapsInsetPage.xaml.cs
		Source\Pages.Xaml\XamlCDATA.xaml = Source\Pages.Xaml\XamlCDATA.xaml
		Source\Pages.Xaml\XamlCDATA.xaml.cs = Source\Pages.Xaml\XamlCDATA.xaml.cs
		Source\Pages.Xaml\XamlContentViewDemoPage.xaml = Source\Pages.Xaml\XamlContentViewDemoPage.xaml
		Source\Pages.Xaml\XamlContentViewDemoPage.xaml.cs = Source\Pages.Xaml\XamlContentViewDemoPage.xaml.cs
		Source\Pages.Xaml\XamlFrameDemoPage.xaml = Source\Pages.Xaml\XamlFrameDemoPage.xaml
		Source\Pages.Xaml\XamlFrameDemoPage.xaml.cs = Source\Pages.Xaml\XamlFrameDemoPage.xaml.cs
		Source\Pages.Xaml\XamlHtmlLabelsAndButtonsPage.xaml = Source\Pages.Xaml\XamlHtmlLabelsAndButtonsPage.xaml
		Source\Pages.Xaml\XamlHtmlLabelsAndButtonsPage.xaml.cs = Source\Pages.Xaml\XamlHtmlLabelsAndButtonsPage.xaml.cs
		Source\Pages.Xaml\XamlImagesPage.xaml = Source\Pages.Xaml\XamlImagesPage.xaml
		Source\Pages.Xaml\XamlImagesPage.xaml.cs = Source\Pages.Xaml\XamlImagesPage.xaml.cs
		Source\Pages.Xaml\XamlNinePatchButtonPage.xaml = Source\Pages.Xaml\XamlNinePatchButtonPage.xaml
		Source\Pages.Xaml\XamlNinePatchButtonPage.xaml.cs = Source\Pages.Xaml\XamlNinePatchButtonPage.xaml.cs
		Source\Pages.Xaml\XamlSegmentedControlPage.xaml = Source\Pages.Xaml\XamlSegmentedControlPage.xaml
		Source\Pages.Xaml\XamlSegmentedControlPage.xaml.cs = Source\Pages.Xaml\XamlSegmentedControlPage.xaml.cs
		Source\Pages.Xaml\XamlSingleStateButtonPage.xaml = Source\Pages.Xaml\XamlSingleStateButtonPage.xaml
		Source\Pages.Xaml\XamlSingleStateButtonPage.xaml.cs = Source\Pages.Xaml\XamlSingleStateButtonPage.xaml.cs
		Source\Pages.Xaml\XamlStateButtonsPage.xaml = Source\Pages.Xaml\XamlStateButtonsPage.xaml
		Source\Pages.Xaml\XamlStateButtonsPage.xaml.cs = Source\Pages.Xaml\XamlStateButtonsPage.xaml.cs
	EndProjectSection
EndProject
Project("{2150E333-8FDC-42A3-9474-1A3956D46DE8}") = "Properties", "Properties", "{9C507E78-19B3-47BE-9AB0-0DD061212A91}"
	ProjectSection(SolutionItems) = preProject
		Source\Properties\AssemblyInfo.cs = Source\Properties\AssemblyInfo.cs
	EndProjectSection
EndProject
Project("{2150E333-8FDC-42A3-9474-1A3956D46DE8}") = "Resources", "Resources", "{CDE8B014-1CD6-4C47-8BC1-1A11358354C9}"
	ProjectSection(SolutionItems) = preProject
		Source\Resources\100x100.png = Source\Resources\100x100.png
		Source\Resources\150x150.png = Source\Resources\150x150.png
		Source\Resources\200x200.png = Source\Resources\200x200.png
		Source\Resources\236-baby.png = Source\Resources\236-baby.png
		Source\Resources\236-lincoln.png = Source\Resources\236-lincoln.png
		Source\Resources\50x50.png = Source\Resources\50x50.png
		Source\Resources\adsBttn29.png = Source\Resources\adsBttn29.png
		Source\Resources\adult1.jpeg = Source\Resources\adult1.jpeg
		Source\Resources\adult2.jpeg = Source\Resources\adult2.jpeg
		Source\Resources\adult3.jpeg = Source\Resources\adult3.jpeg
		Source\Resources\ArrowR%401½x.png = Source\Resources\ArrowR%401½x.png
		Source\Resources\ArrowR%402x.png = Source\Resources\ArrowR%402x.png
		Source\Resources\ArrowR%403x.png = Source\Resources\ArrowR%403x.png
		Source\Resources\ArrowR%40¾x.png = Source\Resources\ArrowR%40¾x.png
		Source\Resources\ArrowR.png = Source\Resources\ArrowR.png
		Source\Resources\balloons.jpg = Source\Resources\balloons.jpg
		Source\Resources\blackrocks.png = Source\Resources\blackrocks.png
		Source\Resources\bluebutton.9.png = Source\Resources\bluebutton.9.png
		Source\Resources\bluebuttontrimmedtransp.9.png = Source\Resources\bluebuttontrimmedtransp.9.png
		Source\Resources\blueWhiteGradient.svg = Source\Resources\blueWhiteGradient.svg
		Source\Resources\btnRedH%402x.9.png = Source\Resources\btnRedH%402x.9.png
		Source\Resources\btnRedH%403x.9.png = Source\Resources\btnRedH%403x.9.png
		Source\Resources\btnRedH.9.png = Source\Resources\btnRedH.9.png
		Source\Resources\bubble.9.png = Source\Resources\bubble.9.png
		Source\Resources\BubbleExternal%402x.9.png = Source\Resources\BubbleExternal%402x.9.png
		Source\Resources\BubbleExternal%403x.9.png = Source\Resources\BubbleExternal%403x.9.png
		Source\Resources\BubbleExternal.9.png = Source\Resources\BubbleExternal.9.png
		Source\Resources\BubbleInternal%402x.9.png = Source\Resources\BubbleInternal%402x.9.png
		Source\Resources\BubbleInternal%403x.9.png = Source\Resources\BubbleInternal%403x.9.png
		Source\Resources\BubbleInternal.9.png = Source\Resources\BubbleInternal.9.png
		Source\Resources\button%401½x.9.png = Source\Resources\button%401½x.9.png
		Source\Resources\button%402x.9.png = Source\Resources\button%402x.9.png
		Source\Resources\button%403x.9.png = Source\Resources\button%403x.9.png
		Source\Resources\button%404x.9.png = Source\Resources\button%404x.9.png
		Source\Resources\button%40¾x.9.png = Source\Resources\button%40¾x.9.png
		Source\Resources\button.9.png = Source\Resources\button.9.png
		Source\Resources\button_01_default.png = Source\Resources\button_01_default.png
		Source\Resources\button_01_pressing.png = Source\Resources\button_01_pressing.png
		Source\Resources\cat.jpg = Source\Resources\cat.jpg
		Source\Resources\delay%402x.png = Source\Resources\delay%402x.png
		Source\Resources\delay%403x.png = Source\Resources\delay%403x.png
		Source\Resources\delay.png = Source\Resources\delay.png
		Source\Resources\Delete%402x.png = Source\Resources\Delete%402x.png
		Source\Resources\Delete%403x.png = Source\Resources\Delete%403x.png
		Source\Resources\Delete.png = Source\Resources\Delete.png
		Source\Resources\Exit%402x.png = Source\Resources\Exit%402x.png
		Source\Resources\Exit%403x.png = Source\Resources\Exit%403x.png
		Source\Resources\Exit.png = Source\Resources\Exit.png
		Source\Resources\ghosts.png = Source\Resources\ghosts.png
		Source\Resources\greenWhiteGradient.svg = Source\Resources\greenWhiteGradient.svg
		Source\Resources\grey_up.png = Source\Resources\grey_up.png
		Source\Resources\icon_home_active%401x.png = Source\Resources\icon_home_active%401x.png
		Source\Resources\icon_home_active%402x.png = Source\Resources\icon_home_active%402x.png
		Source\Resources\icon_home_active%403x.png = Source\Resources\icon_home_active%403x.png
		Source\Resources\image%401½x.9.png = Source\Resources\image%401½x.9.png
		Source\Resources\image%401½x.png = Source\Resources\image%401½x.png
		Source\Resources\image%402x.9.png = Source\Resources\image%402x.9.png
		Source\Resources\image%402x.png = Source\Resources\image%402x.png
		Source\Resources\image%403x.9.png = Source\Resources\image%403x.9.png
		Source\Resources\image%403x.png = Source\Resources\image%403x.png
		Source\Resources\image%404x.9.png = Source\Resources\image%404x.9.png
		Source\Resources\image%404x.png = Source\Resources\image%404x.png
		Source\Resources\image%40¾x.9.png = Source\Resources\image%40¾x.9.png
		Source\Resources\image%40¾x.png = Source\Resources\image%40¾x.png
		Source\Resources\image.9.png = Source\Resources\image.9.png
		Source\Resources\image.png = Source\Resources\image.png
		Source\Resources\Info%401½x.png = Source\Resources\Info%401½x.png
		Source\Resources\Info%402x.png = Source\Resources\Info%402x.png
		Source\Resources\Info%403x.png = Source\Resources\Info%403x.png
		Source\Resources\Info%40¾x.png = Source\Resources\Info%40¾x.png
		Source\Resources\Info.png = Source\Resources\Info.png
		Source\Resources\kid1.jpeg = Source\Resources\kid1.jpeg
		Source\Resources\kid2.jpeg = Source\Resources\kid2.jpeg
		Source\Resources\kid3.jpeg = Source\Resources\kid3.jpeg
		Source\Resources\ltblueUp%402x.png = Source\Resources\ltblueUp%402x.png
		Source\Resources\ltblueUp.png = Source\Resources\ltblueUp.png
		Source\Resources\PopupDM.png = Source\Resources\PopupDM.png
		Source\Resources\printerIcon.png = Source\Resources\printerIcon.png
		Source\Resources\red_up.9.png = Source\Resources\red_up.9.png
		Source\Resources\redButton%401½x.9.png = Source\Resources\redButton%401½x.9.png
		Source\Resources\redButton%402x.9.png = Source\Resources\redButton%402x.9.png
		Source\Resources\redButton%403x.9.png = Source\Resources\redButton%403x.9.png
		Source\Resources\redButton%404x.9.png = Source\Resources\redButton%404x.9.png
		Source\Resources\redButton%40¾x.9.png = Source\Resources\redButton%40¾x.9.png
		Source\Resources\redButton.9.png = Source\Resources\redButton.9.png
		Source\Resources\redGridBox.png = Source\Resources\redGridBox.png
		Source\Resources\redGridBox.svg = Source\Resources\redGridBox.svg
		Source\Resources\redGridBox9.9.png = Source\Resources\redGridBox9.9.png
		Source\Resources\redribbon%402x.png = Source\Resources\redribbon%402x.png
		Source\Resources\redribbon%403x.png = Source\Resources\redribbon%403x.png
		Source\Resources\redribbon.png = Source\Resources\redribbon.png
		Source\Resources\redWhiteGradient.svg = Source\Resources\redWhiteGradient.svg
		Source\Resources\SvgSample.svg = Source\Resources\SvgSample.svg
		Source\Resources\SvgSample2.svg = Source\Resources\SvgSample2.svg
		Source\Resources\tick%402x.png = Source\Resources\tick%402x.png
		Source\Resources\tick%403x.png = Source\Resources\tick%403x.png
		Source\Resources\tick.png = Source\Resources\tick.png
		Source\Resources\tree.png = Source\Resources\tree.png
		Source\Resources\water.gif = Source\Resources\water.gif
	EndProjectSection
EndProject
Global
	GlobalSection(SolutionConfigurationPlatforms) = preSolution
		Ad-Hoc|Any CPU = Ad-Hoc|Any CPU
		Ad-Hoc|ARM = Ad-Hoc|ARM
		Ad-Hoc|iPhone = Ad-Hoc|iPhone
		Ad-Hoc|iPhoneSimulator = Ad-Hoc|iPhoneSimulator
		Ad-Hoc|x64 = Ad-Hoc|x64
		Ad-Hoc|x86 = Ad-Hoc|x86
		AppStore|Any CPU = AppStore|Any CPU
		AppStore|ARM = AppStore|ARM
		AppStore|iPhone = AppStore|iPhone
		AppStore|iPhoneSimulator = AppStore|iPhoneSimulator
		AppStore|x64 = AppStore|x64
		AppStore|x86 = AppStore|x86
		Debug|Any CPU = Debug|Any CPU
		Debug|ARM = Debug|ARM
		Debug|iPhone = Debug|iPhone
		Debug|iPhoneSimulator = Debug|iPhoneSimulator
		Debug|x64 = Debug|x64
		Debug|x86 = Debug|x86
		Release|Any CPU = Release|Any CPU
		Release|ARM = Release|ARM
		Release|iPhone = Release|iPhone
		Release|iPhoneSimulator = Release|iPhoneSimulator
		Release|x64 = Release|x64
		Release|x86 = Release|x86
		Test|Any CPU = Test|Any CPU
		Test|ARM = Test|ARM
		Test|iPhone = Test|iPhone
		Test|iPhoneSimulator = Test|iPhoneSimulator
		Test|x64 = Test|x64
		Test|x86 = Test|x86
	EndGlobalSection
	GlobalSection(ProjectConfigurationPlatforms) = postSolution
		{1388DC48-9396-40B6-B948-6B56A2AA94D8}.Ad-Hoc|Any CPU.ActiveCfg = Debug|Any CPU
		{1388DC48-9396-40B6-B948-6B56A2AA94D8}.Ad-Hoc|Any CPU.Build.0 = Debug|Any CPU
		{1388DC48-9396-40B6-B948-6B56A2AA94D8}.Ad-Hoc|ARM.ActiveCfg = Debug|Any CPU
		{1388DC48-9396-40B6-B948-6B56A2AA94D8}.Ad-Hoc|ARM.Build.0 = Debug|Any CPU
		{1388DC48-9396-40B6-B948-6B56A2AA94D8}.Ad-Hoc|iPhone.ActiveCfg = Debug|Any CPU
		{1388DC48-9396-40B6-B948-6B56A2AA94D8}.Ad-Hoc|iPhone.Build.0 = Debug|Any CPU
		{1388DC48-9396-40B6-B948-6B56A2AA94D8}.Ad-Hoc|iPhoneSimulator.ActiveCfg = Debug|Any CPU
		{1388DC48-9396-40B6-B948-6B56A2AA94D8}.Ad-Hoc|iPhoneSimulator.Build.0 = Debug|Any CPU
		{1388DC48-9396-40B6-B948-6B56A2AA94D8}.Ad-Hoc|x64.ActiveCfg = Debug|Any CPU
		{1388DC48-9396-40B6-B948-6B56A2AA94D8}.Ad-Hoc|x64.Build.0 = Debug|Any CPU
		{1388DC48-9396-40B6-B948-6B56A2AA94D8}.Ad-Hoc|x86.ActiveCfg = Debug|Any CPU
		{1388DC48-9396-40B6-B948-6B56A2AA94D8}.Ad-Hoc|x86.Build.0 = Debug|Any CPU
		{1388DC48-9396-40B6-B948-6B56A2AA94D8}.AppStore|Any CPU.ActiveCfg = Debug|Any CPU
		{1388DC48-9396-40B6-B948-6B56A2AA94D8}.AppStore|Any CPU.Build.0 = Debug|Any CPU
		{1388DC48-9396-40B6-B948-6B56A2AA94D8}.AppStore|ARM.ActiveCfg = Debug|Any CPU
		{1388DC48-9396-40B6-B948-6B56A2AA94D8}.AppStore|ARM.Build.0 = Debug|Any CPU
		{1388DC48-9396-40B6-B948-6B56A2AA94D8}.AppStore|iPhone.ActiveCfg = Debug|Any CPU
		{1388DC48-9396-40B6-B948-6B56A2AA94D8}.AppStore|iPhone.Build.0 = Debug|Any CPU
		{1388DC48-9396-40B6-B948-6B56A2AA94D8}.AppStore|iPhoneSimulator.ActiveCfg = Debug|Any CPU
		{1388DC48-9396-40B6-B948-6B56A2AA94D8}.AppStore|iPhoneSimulator.Build.0 = Debug|Any CPU
		{1388DC48-9396-40B6-B948-6B56A2AA94D8}.AppStore|x64.ActiveCfg = Debug|Any CPU
		{1388DC48-9396-40B6-B948-6B56A2AA94D8}.AppStore|x64.Build.0 = Debug|Any CPU
		{1388DC48-9396-40B6-B948-6B56A2AA94D8}.AppStore|x86.ActiveCfg = Debug|Any CPU
		{1388DC48-9396-40B6-B948-6B56A2AA94D8}.AppStore|x86.Build.0 = Debug|Any CPU
		{1388DC48-9396-40B6-B948-6B56A2AA94D8}.Debug|Any CPU.ActiveCfg = Debug|Any CPU
		{1388DC48-9396-40B6-B948-6B56A2AA94D8}.Debug|Any CPU.Build.0 = Debug|Any CPU
		{1388DC48-9396-40B6-B948-6B56A2AA94D8}.Debug|ARM.ActiveCfg = Debug|Any CPU
		{1388DC48-9396-40B6-B948-6B56A2AA94D8}.Debug|ARM.Build.0 = Debug|Any CPU
		{1388DC48-9396-40B6-B948-6B56A2AA94D8}.Debug|iPhone.ActiveCfg = Debug|Any CPU
		{1388DC48-9396-40B6-B948-6B56A2AA94D8}.Debug|iPhone.Build.0 = Debug|Any CPU
		{1388DC48-9396-40B6-B948-6B56A2AA94D8}.Debug|iPhoneSimulator.ActiveCfg = Debug|Any CPU
		{1388DC48-9396-40B6-B948-6B56A2AA94D8}.Debug|iPhoneSimulator.Build.0 = Debug|Any CPU
		{1388DC48-9396-40B6-B948-6B56A2AA94D8}.Debug|x64.ActiveCfg = Debug|Any CPU
		{1388DC48-9396-40B6-B948-6B56A2AA94D8}.Debug|x64.Build.0 = Debug|Any CPU
		{1388DC48-9396-40B6-B948-6B56A2AA94D8}.Debug|x86.ActiveCfg = Debug|Any CPU
		{1388DC48-9396-40B6-B948-6B56A2AA94D8}.Debug|x86.Build.0 = Debug|Any CPU
		{1388DC48-9396-40B6-B948-6B56A2AA94D8}.Release|Any CPU.ActiveCfg = Release|Any CPU
		{1388DC48-9396-40B6-B948-6B56A2AA94D8}.Release|Any CPU.Build.0 = Release|Any CPU
		{1388DC48-9396-40B6-B948-6B56A2AA94D8}.Release|ARM.ActiveCfg = Release|Any CPU
		{1388DC48-9396-40B6-B948-6B56A2AA94D8}.Release|ARM.Build.0 = Release|Any CPU
		{1388DC48-9396-40B6-B948-6B56A2AA94D8}.Release|iPhone.ActiveCfg = Release|Any CPU
		{1388DC48-9396-40B6-B948-6B56A2AA94D8}.Release|iPhone.Build.0 = Release|Any CPU
		{1388DC48-9396-40B6-B948-6B56A2AA94D8}.Release|iPhoneSimulator.ActiveCfg = Release|Any CPU
		{1388DC48-9396-40B6-B948-6B56A2AA94D8}.Release|iPhoneSimulator.Build.0 = Release|Any CPU
		{1388DC48-9396-40B6-B948-6B56A2AA94D8}.Release|x64.ActiveCfg = Release|Any CPU
		{1388DC48-9396-40B6-B948-6B56A2AA94D8}.Release|x64.Build.0 = Release|Any CPU
		{1388DC48-9396-40B6-B948-6B56A2AA94D8}.Release|x86.ActiveCfg = Release|Any CPU
		{1388DC48-9396-40B6-B948-6B56A2AA94D8}.Release|x86.Build.0 = Release|Any CPU
		{1388DC48-9396-40B6-B948-6B56A2AA94D8}.Test|Any CPU.ActiveCfg = Debug|Any CPU
		{1388DC48-9396-40B6-B948-6B56A2AA94D8}.Test|Any CPU.Build.0 = Debug|Any CPU
		{1388DC48-9396-40B6-B948-6B56A2AA94D8}.Test|ARM.ActiveCfg = Debug|Any CPU
		{1388DC48-9396-40B6-B948-6B56A2AA94D8}.Test|ARM.Build.0 = Debug|Any CPU
		{1388DC48-9396-40B6-B948-6B56A2AA94D8}.Test|iPhone.ActiveCfg = Debug|Any CPU
		{1388DC48-9396-40B6-B948-6B56A2AA94D8}.Test|iPhone.Build.0 = Debug|Any CPU
		{1388DC48-9396-40B6-B948-6B56A2AA94D8}.Test|iPhoneSimulator.ActiveCfg = Debug|Any CPU
		{1388DC48-9396-40B6-B948-6B56A2AA94D8}.Test|iPhoneSimulator.Build.0 = Debug|Any CPU
		{1388DC48-9396-40B6-B948-6B56A2AA94D8}.Test|x64.ActiveCfg = Debug|Any CPU
		{1388DC48-9396-40B6-B948-6B56A2AA94D8}.Test|x64.Build.0 = Debug|Any CPU
		{1388DC48-9396-40B6-B948-6B56A2AA94D8}.Test|x86.ActiveCfg = Debug|Any CPU
		{1388DC48-9396-40B6-B948-6B56A2AA94D8}.Test|x86.Build.0 = Debug|Any CPU
		{7B5EDC91-C784-476D-A3EF-90369B57DF20}.Ad-Hoc|Any CPU.ActiveCfg = Ad-Hoc|iPhone
		{7B5EDC91-C784-476D-A3EF-90369B57DF20}.Ad-Hoc|Any CPU.Build.0 = Ad-Hoc|iPhone
		{7B5EDC91-C784-476D-A3EF-90369B57DF20}.Ad-Hoc|ARM.ActiveCfg = Ad-Hoc|iPhone
		{7B5EDC91-C784-476D-A3EF-90369B57DF20}.Ad-Hoc|ARM.Build.0 = Ad-Hoc|iPhone
		{7B5EDC91-C784-476D-A3EF-90369B57DF20}.Ad-Hoc|iPhone.ActiveCfg = Ad-Hoc|iPhone
		{7B5EDC91-C784-476D-A3EF-90369B57DF20}.Ad-Hoc|iPhone.Build.0 = Ad-Hoc|iPhone
		{7B5EDC91-C784-476D-A3EF-90369B57DF20}.Ad-Hoc|iPhoneSimulator.ActiveCfg = Debug|iPhoneSimulator
		{7B5EDC91-C784-476D-A3EF-90369B57DF20}.Ad-Hoc|iPhoneSimulator.Build.0 = Debug|iPhoneSimulator
		{7B5EDC91-C784-476D-A3EF-90369B57DF20}.Ad-Hoc|x64.ActiveCfg = Ad-Hoc|iPhone
		{7B5EDC91-C784-476D-A3EF-90369B57DF20}.Ad-Hoc|x64.Build.0 = Ad-Hoc|iPhone
		{7B5EDC91-C784-476D-A3EF-90369B57DF20}.Ad-Hoc|x86.ActiveCfg = Ad-Hoc|iPhone
		{7B5EDC91-C784-476D-A3EF-90369B57DF20}.Ad-Hoc|x86.Build.0 = Ad-Hoc|iPhone
		{7B5EDC91-C784-476D-A3EF-90369B57DF20}.AppStore|Any CPU.ActiveCfg = AppStore|iPhone
		{7B5EDC91-C784-476D-A3EF-90369B57DF20}.AppStore|Any CPU.Build.0 = AppStore|iPhone
		{7B5EDC91-C784-476D-A3EF-90369B57DF20}.AppStore|ARM.ActiveCfg = AppStore|iPhone
		{7B5EDC91-C784-476D-A3EF-90369B57DF20}.AppStore|ARM.Build.0 = AppStore|iPhone
		{7B5EDC91-C784-476D-A3EF-90369B57DF20}.AppStore|iPhone.ActiveCfg = AppStore|iPhone
		{7B5EDC91-C784-476D-A3EF-90369B57DF20}.AppStore|iPhone.Build.0 = AppStore|iPhone
		{7B5EDC91-C784-476D-A3EF-90369B57DF20}.AppStore|iPhoneSimulator.ActiveCfg = Debug|iPhoneSimulator
		{7B5EDC91-C784-476D-A3EF-90369B57DF20}.AppStore|iPhoneSimulator.Build.0 = Debug|iPhoneSimulator
		{7B5EDC91-C784-476D-A3EF-90369B57DF20}.AppStore|x64.ActiveCfg = AppStore|iPhone
		{7B5EDC91-C784-476D-A3EF-90369B57DF20}.AppStore|x64.Build.0 = AppStore|iPhone
		{7B5EDC91-C784-476D-A3EF-90369B57DF20}.AppStore|x86.ActiveCfg = AppStore|iPhone
		{7B5EDC91-C784-476D-A3EF-90369B57DF20}.AppStore|x86.Build.0 = AppStore|iPhone
		{7B5EDC91-C784-476D-A3EF-90369B57DF20}.Debug|Any CPU.ActiveCfg = Debug|iPhoneSimulator
		{7B5EDC91-C784-476D-A3EF-90369B57DF20}.Debug|Any CPU.Build.0 = Debug|iPhoneSimulator
		{7B5EDC91-C784-476D-A3EF-90369B57DF20}.Debug|ARM.ActiveCfg = Debug|iPhoneSimulator
		{7B5EDC91-C784-476D-A3EF-90369B57DF20}.Debug|ARM.Build.0 = Debug|iPhoneSimulator
		{7B5EDC91-C784-476D-A3EF-90369B57DF20}.Debug|iPhone.ActiveCfg = Debug|iPhone
		{7B5EDC91-C784-476D-A3EF-90369B57DF20}.Debug|iPhone.Build.0 = Debug|iPhone
		{7B5EDC91-C784-476D-A3EF-90369B57DF20}.Debug|iPhoneSimulator.ActiveCfg = Debug|iPhoneSimulator
		{7B5EDC91-C784-476D-A3EF-90369B57DF20}.Debug|iPhoneSimulator.Build.0 = Debug|iPhoneSimulator
		{7B5EDC91-C784-476D-A3EF-90369B57DF20}.Debug|x64.ActiveCfg = Debug|iPhoneSimulator
		{7B5EDC91-C784-476D-A3EF-90369B57DF20}.Debug|x64.Build.0 = Debug|iPhoneSimulator
		{7B5EDC91-C784-476D-A3EF-90369B57DF20}.Debug|x86.ActiveCfg = Debug|iPhoneSimulator
		{7B5EDC91-C784-476D-A3EF-90369B57DF20}.Debug|x86.Build.0 = Debug|iPhoneSimulator
		{7B5EDC91-C784-476D-A3EF-90369B57DF20}.Release|Any CPU.ActiveCfg = Release|iPhoneSimulator
		{7B5EDC91-C784-476D-A3EF-90369B57DF20}.Release|Any CPU.Build.0 = Release|iPhoneSimulator
		{7B5EDC91-C784-476D-A3EF-90369B57DF20}.Release|ARM.ActiveCfg = Release|iPhoneSimulator
		{7B5EDC91-C784-476D-A3EF-90369B57DF20}.Release|ARM.Build.0 = Release|iPhoneSimulator
		{7B5EDC91-C784-476D-A3EF-90369B57DF20}.Release|iPhone.ActiveCfg = Release|iPhone
		{7B5EDC91-C784-476D-A3EF-90369B57DF20}.Release|iPhone.Build.0 = Release|iPhone
		{7B5EDC91-C784-476D-A3EF-90369B57DF20}.Release|iPhoneSimulator.ActiveCfg = Release|iPhoneSimulator
		{7B5EDC91-C784-476D-A3EF-90369B57DF20}.Release|iPhoneSimulator.Build.0 = Release|iPhoneSimulator
		{7B5EDC91-C784-476D-A3EF-90369B57DF20}.Release|x64.ActiveCfg = Release|iPhoneSimulator
		{7B5EDC91-C784-476D-A3EF-90369B57DF20}.Release|x64.Build.0 = Release|iPhoneSimulator
		{7B5EDC91-C784-476D-A3EF-90369B57DF20}.Release|x86.ActiveCfg = Release|iPhoneSimulator
		{7B5EDC91-C784-476D-A3EF-90369B57DF20}.Release|x86.Build.0 = Release|iPhoneSimulator
		{7B5EDC91-C784-476D-A3EF-90369B57DF20}.Test|Any CPU.ActiveCfg = Debug|iPhoneSimulator
		{7B5EDC91-C784-476D-A3EF-90369B57DF20}.Test|Any CPU.Build.0 = Debug|iPhoneSimulator
		{7B5EDC91-C784-476D-A3EF-90369B57DF20}.Test|ARM.ActiveCfg = Debug|iPhoneSimulator
		{7B5EDC91-C784-476D-A3EF-90369B57DF20}.Test|ARM.Build.0 = Debug|iPhoneSimulator
		{7B5EDC91-C784-476D-A3EF-90369B57DF20}.Test|iPhone.ActiveCfg = Debug|iPhone
		{7B5EDC91-C784-476D-A3EF-90369B57DF20}.Test|iPhone.Build.0 = Debug|iPhone
		{7B5EDC91-C784-476D-A3EF-90369B57DF20}.Test|iPhoneSimulator.ActiveCfg = Debug|iPhoneSimulator
		{7B5EDC91-C784-476D-A3EF-90369B57DF20}.Test|iPhoneSimulator.Build.0 = Debug|iPhoneSimulator
		{7B5EDC91-C784-476D-A3EF-90369B57DF20}.Test|x64.ActiveCfg = Debug|iPhoneSimulator
		{7B5EDC91-C784-476D-A3EF-90369B57DF20}.Test|x64.Build.0 = Debug|iPhoneSimulator
		{7B5EDC91-C784-476D-A3EF-90369B57DF20}.Test|x86.ActiveCfg = Debug|iPhoneSimulator
		{7B5EDC91-C784-476D-A3EF-90369B57DF20}.Test|x86.Build.0 = Debug|iPhoneSimulator
		{12A221C5-135C-4148-B348-323735D10C55}.Ad-Hoc|Any CPU.ActiveCfg = Release|Any CPU
		{12A221C5-135C-4148-B348-323735D10C55}.Ad-Hoc|Any CPU.Build.0 = Release|Any CPU
		{12A221C5-135C-4148-B348-323735D10C55}.Ad-Hoc|ARM.ActiveCfg = Release|Any CPU
		{12A221C5-135C-4148-B348-323735D10C55}.Ad-Hoc|ARM.Build.0 = Release|Any CPU
		{12A221C5-135C-4148-B348-323735D10C55}.Ad-Hoc|iPhone.ActiveCfg = Release|Any CPU
		{12A221C5-135C-4148-B348-323735D10C55}.Ad-Hoc|iPhone.Build.0 = Release|Any CPU
		{12A221C5-135C-4148-B348-323735D10C55}.Ad-Hoc|iPhoneSimulator.ActiveCfg = Debug|Any CPU
		{12A221C5-135C-4148-B348-323735D10C55}.Ad-Hoc|iPhoneSimulator.Build.0 = Debug|Any CPU
		{12A221C5-135C-4148-B348-323735D10C55}.Ad-Hoc|x64.ActiveCfg = Release|Any CPU
		{12A221C5-135C-4148-B348-323735D10C55}.Ad-Hoc|x64.Build.0 = Release|Any CPU
		{12A221C5-135C-4148-B348-323735D10C55}.Ad-Hoc|x86.ActiveCfg = Release|Any CPU
		{12A221C5-135C-4148-B348-323735D10C55}.Ad-Hoc|x86.Build.0 = Release|Any CPU
		{12A221C5-135C-4148-B348-323735D10C55}.AppStore|Any CPU.ActiveCfg = Release|Any CPU
		{12A221C5-135C-4148-B348-323735D10C55}.AppStore|Any CPU.Build.0 = Release|Any CPU
		{12A221C5-135C-4148-B348-323735D10C55}.AppStore|ARM.ActiveCfg = Release|Any CPU
		{12A221C5-135C-4148-B348-323735D10C55}.AppStore|ARM.Build.0 = Release|Any CPU
		{12A221C5-135C-4148-B348-323735D10C55}.AppStore|iPhone.ActiveCfg = Release|Any CPU
		{12A221C5-135C-4148-B348-323735D10C55}.AppStore|iPhone.Build.0 = Release|Any CPU
		{12A221C5-135C-4148-B348-323735D10C55}.AppStore|iPhoneSimulator.ActiveCfg = Debug|Any CPU
		{12A221C5-135C-4148-B348-323735D10C55}.AppStore|iPhoneSimulator.Build.0 = Debug|Any CPU
		{12A221C5-135C-4148-B348-323735D10C55}.AppStore|x64.ActiveCfg = Release|Any CPU
		{12A221C5-135C-4148-B348-323735D10C55}.AppStore|x64.Build.0 = Release|Any CPU
		{12A221C5-135C-4148-B348-323735D10C55}.AppStore|x86.ActiveCfg = Release|Any CPU
		{12A221C5-135C-4148-B348-323735D10C55}.AppStore|x86.Build.0 = Release|Any CPU
		{12A221C5-135C-4148-B348-323735D10C55}.Debug|Any CPU.ActiveCfg = Debug|Any CPU
		{12A221C5-135C-4148-B348-323735D10C55}.Debug|Any CPU.Build.0 = Debug|Any CPU
		{12A221C5-135C-4148-B348-323735D10C55}.Debug|ARM.ActiveCfg = Debug|Any CPU
		{12A221C5-135C-4148-B348-323735D10C55}.Debug|ARM.Build.0 = Debug|Any CPU
		{12A221C5-135C-4148-B348-323735D10C55}.Debug|iPhone.ActiveCfg = Debug|Any CPU
		{12A221C5-135C-4148-B348-323735D10C55}.Debug|iPhone.Build.0 = Debug|Any CPU
		{12A221C5-135C-4148-B348-323735D10C55}.Debug|iPhoneSimulator.ActiveCfg = Debug|Any CPU
		{12A221C5-135C-4148-B348-323735D10C55}.Debug|iPhoneSimulator.Build.0 = Debug|Any CPU
		{12A221C5-135C-4148-B348-323735D10C55}.Debug|x64.ActiveCfg = Debug|Any CPU
		{12A221C5-135C-4148-B348-323735D10C55}.Debug|x64.Build.0 = Debug|Any CPU
		{12A221C5-135C-4148-B348-323735D10C55}.Debug|x86.ActiveCfg = Debug|Any CPU
		{12A221C5-135C-4148-B348-323735D10C55}.Debug|x86.Build.0 = Debug|Any CPU
		{12A221C5-135C-4148-B348-323735D10C55}.Release|Any CPU.ActiveCfg = Release|Any CPU
		{12A221C5-135C-4148-B348-323735D10C55}.Release|Any CPU.Build.0 = Release|Any CPU
		{12A221C5-135C-4148-B348-323735D10C55}.Release|ARM.ActiveCfg = Release|Any CPU
		{12A221C5-135C-4148-B348-323735D10C55}.Release|ARM.Build.0 = Release|Any CPU
		{12A221C5-135C-4148-B348-323735D10C55}.Release|iPhone.ActiveCfg = Release|Any CPU
		{12A221C5-135C-4148-B348-323735D10C55}.Release|iPhone.Build.0 = Release|Any CPU
		{12A221C5-135C-4148-B348-323735D10C55}.Release|iPhoneSimulator.ActiveCfg = Release|Any CPU
		{12A221C5-135C-4148-B348-323735D10C55}.Release|iPhoneSimulator.Build.0 = Release|Any CPU
		{12A221C5-135C-4148-B348-323735D10C55}.Release|x64.ActiveCfg = Release|Any CPU
		{12A221C5-135C-4148-B348-323735D10C55}.Release|x64.Build.0 = Release|Any CPU
		{12A221C5-135C-4148-B348-323735D10C55}.Release|x86.ActiveCfg = Release|Any CPU
		{12A221C5-135C-4148-B348-323735D10C55}.Release|x86.Build.0 = Release|Any CPU
		{12A221C5-135C-4148-B348-323735D10C55}.Test|Any CPU.ActiveCfg = Debug|Any CPU
		{12A221C5-135C-4148-B348-323735D10C55}.Test|Any CPU.Build.0 = Debug|Any CPU
		{12A221C5-135C-4148-B348-323735D10C55}.Test|ARM.ActiveCfg = Debug|Any CPU
		{12A221C5-135C-4148-B348-323735D10C55}.Test|ARM.Build.0 = Debug|Any CPU
		{12A221C5-135C-4148-B348-323735D10C55}.Test|iPhone.ActiveCfg = Debug|Any CPU
		{12A221C5-135C-4148-B348-323735D10C55}.Test|iPhone.Build.0 = Debug|Any CPU
		{12A221C5-135C-4148-B348-323735D10C55}.Test|iPhoneSimulator.ActiveCfg = Debug|Any CPU
		{12A221C5-135C-4148-B348-323735D10C55}.Test|iPhoneSimulator.Build.0 = Debug|Any CPU
		{12A221C5-135C-4148-B348-323735D10C55}.Test|x64.ActiveCfg = Debug|Any CPU
		{12A221C5-135C-4148-B348-323735D10C55}.Test|x64.Build.0 = Debug|Any CPU
		{12A221C5-135C-4148-B348-323735D10C55}.Test|x86.ActiveCfg = Debug|Any CPU
		{12A221C5-135C-4148-B348-323735D10C55}.Test|x86.Build.0 = Debug|Any CPU
		{592FEF99-BE8D-4111-909B-D7448835B157}.Ad-Hoc|Any CPU.ActiveCfg = Debug|ARM
		{592FEF99-BE8D-4111-909B-D7448835B157}.Ad-Hoc|Any CPU.Build.0 = Debug|ARM
		{592FEF99-BE8D-4111-909B-D7448835B157}.Ad-Hoc|ARM.ActiveCfg = Debug|ARM
		{592FEF99-BE8D-4111-909B-D7448835B157}.Ad-Hoc|ARM.Build.0 = Debug|ARM
		{592FEF99-BE8D-4111-909B-D7448835B157}.Ad-Hoc|iPhone.ActiveCfg = Debug|ARM
		{592FEF99-BE8D-4111-909B-D7448835B157}.Ad-Hoc|iPhone.Build.0 = Debug|ARM
		{592FEF99-BE8D-4111-909B-D7448835B157}.Ad-Hoc|iPhoneSimulator.ActiveCfg = Debug|ARM
		{592FEF99-BE8D-4111-909B-D7448835B157}.Ad-Hoc|iPhoneSimulator.Build.0 = Debug|ARM
		{592FEF99-BE8D-4111-909B-D7448835B157}.Ad-Hoc|x64.ActiveCfg = Debug|x64
		{592FEF99-BE8D-4111-909B-D7448835B157}.Ad-Hoc|x64.Build.0 = Debug|x64
		{592FEF99-BE8D-4111-909B-D7448835B157}.Ad-Hoc|x86.ActiveCfg = Debug|x86
		{592FEF99-BE8D-4111-909B-D7448835B157}.Ad-Hoc|x86.Build.0 = Debug|x86
		{592FEF99-BE8D-4111-909B-D7448835B157}.AppStore|Any CPU.ActiveCfg = Debug|ARM
		{592FEF99-BE8D-4111-909B-D7448835B157}.AppStore|Any CPU.Build.0 = Debug|ARM
		{592FEF99-BE8D-4111-909B-D7448835B157}.AppStore|ARM.ActiveCfg = Debug|ARM
		{592FEF99-BE8D-4111-909B-D7448835B157}.AppStore|ARM.Build.0 = Debug|ARM
		{592FEF99-BE8D-4111-909B-D7448835B157}.AppStore|iPhone.ActiveCfg = Debug|ARM
		{592FEF99-BE8D-4111-909B-D7448835B157}.AppStore|iPhone.Build.0 = Debug|ARM
		{592FEF99-BE8D-4111-909B-D7448835B157}.AppStore|iPhoneSimulator.ActiveCfg = Debug|ARM
		{592FEF99-BE8D-4111-909B-D7448835B157}.AppStore|iPhoneSimulator.Build.0 = Debug|ARM
		{592FEF99-BE8D-4111-909B-D7448835B157}.AppStore|x64.ActiveCfg = Debug|x64
		{592FEF99-BE8D-4111-909B-D7448835B157}.AppStore|x64.Build.0 = Debug|x64
		{592FEF99-BE8D-4111-909B-D7448835B157}.AppStore|x86.ActiveCfg = Debug|x86
		{592FEF99-BE8D-4111-909B-D7448835B157}.AppStore|x86.Build.0 = Debug|x86
		{592FEF99-BE8D-4111-909B-D7448835B157}.Debug|Any CPU.ActiveCfg = Debug|ARM
		{592FEF99-BE8D-4111-909B-D7448835B157}.Debug|Any CPU.Build.0 = Debug|ARM
		{592FEF99-BE8D-4111-909B-D7448835B157}.Debug|ARM.ActiveCfg = Debug|ARM
		{592FEF99-BE8D-4111-909B-D7448835B157}.Debug|ARM.Build.0 = Debug|ARM
		{592FEF99-BE8D-4111-909B-D7448835B157}.Debug|iPhone.ActiveCfg = Debug|ARM
		{592FEF99-BE8D-4111-909B-D7448835B157}.Debug|iPhone.Build.0 = Debug|ARM
		{592FEF99-BE8D-4111-909B-D7448835B157}.Debug|iPhoneSimulator.ActiveCfg = Debug|ARM
		{592FEF99-BE8D-4111-909B-D7448835B157}.Debug|iPhoneSimulator.Build.0 = Debug|ARM
		{592FEF99-BE8D-4111-909B-D7448835B157}.Debug|x64.ActiveCfg = Debug|x64
		{592FEF99-BE8D-4111-909B-D7448835B157}.Debug|x64.Build.0 = Debug|x64
		{592FEF99-BE8D-4111-909B-D7448835B157}.Debug|x86.ActiveCfg = Debug|x86
		{592FEF99-BE8D-4111-909B-D7448835B157}.Debug|x86.Build.0 = Debug|x86
		{592FEF99-BE8D-4111-909B-D7448835B157}.Debug|x86.Deploy.0 = Debug|x86
		{592FEF99-BE8D-4111-909B-D7448835B157}.Release|Any CPU.ActiveCfg = Release|ARM
		{592FEF99-BE8D-4111-909B-D7448835B157}.Release|Any CPU.Build.0 = Release|ARM
		{592FEF99-BE8D-4111-909B-D7448835B157}.Release|ARM.ActiveCfg = Release|ARM
		{592FEF99-BE8D-4111-909B-D7448835B157}.Release|ARM.Build.0 = Release|ARM
		{592FEF99-BE8D-4111-909B-D7448835B157}.Release|iPhone.ActiveCfg = Release|ARM
		{592FEF99-BE8D-4111-909B-D7448835B157}.Release|iPhone.Build.0 = Release|ARM
		{592FEF99-BE8D-4111-909B-D7448835B157}.Release|iPhoneSimulator.ActiveCfg = Release|ARM
		{592FEF99-BE8D-4111-909B-D7448835B157}.Release|iPhoneSimulator.Build.0 = Release|ARM
		{592FEF99-BE8D-4111-909B-D7448835B157}.Release|x64.ActiveCfg = Release|x64
		{592FEF99-BE8D-4111-909B-D7448835B157}.Release|x64.Build.0 = Release|x64
		{592FEF99-BE8D-4111-909B-D7448835B157}.Release|x86.ActiveCfg = Release|x86
		{592FEF99-BE8D-4111-909B-D7448835B157}.Release|x86.Build.0 = Release|x86
		{592FEF99-BE8D-4111-909B-D7448835B157}.Test|Any CPU.ActiveCfg = Debug|ARM
		{592FEF99-BE8D-4111-909B-D7448835B157}.Test|Any CPU.Build.0 = Debug|ARM
		{592FEF99-BE8D-4111-909B-D7448835B157}.Test|ARM.ActiveCfg = Debug|ARM
		{592FEF99-BE8D-4111-909B-D7448835B157}.Test|ARM.Build.0 = Debug|ARM
		{592FEF99-BE8D-4111-909B-D7448835B157}.Test|iPhone.ActiveCfg = Debug|ARM
		{592FEF99-BE8D-4111-909B-D7448835B157}.Test|iPhone.Build.0 = Debug|ARM
		{592FEF99-BE8D-4111-909B-D7448835B157}.Test|iPhoneSimulator.ActiveCfg = Debug|ARM
		{592FEF99-BE8D-4111-909B-D7448835B157}.Test|iPhoneSimulator.Build.0 = Debug|ARM
		{592FEF99-BE8D-4111-909B-D7448835B157}.Test|x64.ActiveCfg = Debug|x64
		{592FEF99-BE8D-4111-909B-D7448835B157}.Test|x64.Build.0 = Debug|x64
		{592FEF99-BE8D-4111-909B-D7448835B157}.Test|x86.ActiveCfg = Debug|x86
		{592FEF99-BE8D-4111-909B-D7448835B157}.Test|x86.Build.0 = Debug|x86
	EndGlobalSection
	GlobalSection(SolutionProperties) = preSolution
		HideSolutionNode = FALSE
	EndGlobalSection
	GlobalSection(NestedProjects) = preSolution
		{B2C46D72-8D18-45B0-8558-F2AD0F206E63} = {2CF89FB6-3A3E-41A0-942E-CF8D9878DD13}
		{50134C4F-3F78-43E3-929D-805F6B5E57C5} = {2CF89FB6-3A3E-41A0-942E-CF8D9878DD13}
		{5842A052-1376-4DFE-BF65-4BFCA3347AF2} = {2CF89FB6-3A3E-41A0-942E-CF8D9878DD13}
		{DC5BCB61-259A-4A91-A464-5CA831F03320} = {2CF89FB6-3A3E-41A0-942E-CF8D9878DD13}
		{9C507E78-19B3-47BE-9AB0-0DD061212A91} = {2CF89FB6-3A3E-41A0-942E-CF8D9878DD13}
		{CDE8B014-1CD6-4C47-8BC1-1A11358354C9} = {2CF89FB6-3A3E-41A0-942E-CF8D9878DD13}
	EndGlobalSection
	GlobalSection(ExtensibilityGlobals) = postSolution
		SolutionGuid = {4310591D-63C6-4CE2-A6C0-16C03E5E4658}
	EndGlobalSection
	GlobalSection(MonoDevelopProperties) = preSolution
		Policies = $0
		$0.DotNetNamingPolicy = $1
		$0.StandardHeader = $2
		description = Demo app of Forms9Patch
	EndGlobalSection
EndGlobal
