
Microsoft Visual Studio Solution File, Format Version 12.00
# Visual Studio 15
VisualStudioVersion = 15.0.27130.2010
MinimumVisualStudioVersion = 10.0.40219.1
Project("{FAE04EC0-301F-11D3-BF4B-00C04F79EFBC}") = "Forms9PatchDemo", "Forms9PatchDemo\Forms9PatchDemo.csproj", "{5F026DB4-CAAE-4DE0-8105-FF133A3655B7}"
EndProject
Project("{FAE04EC0-301F-11D3-BF4B-00C04F79EFBC}") = "Forms9PatchDemo.iOS", "Forms9PatchDemo.iOS\Forms9PatchDemo.iOS.csproj", "{1A7FACFB-952B-42CA-9D70-61CB0D5FDEDF}"
EndProject
Project("{FAE04EC0-301F-11D3-BF4B-00C04F79EFBC}") = "Forms9PatchDemo.UWP", "Forms9PatchDemo.UWP\Forms9PatchDemo.UWP.csproj", "{45454AAB-F431-422F-BECB-D0B959D1899A}"
EndProject
Project("{FAE04EC0-301F-11D3-BF4B-00C04F79EFBC}") = "Forms9PatchDemo.Droid", "Forms9PatchDemo.Droid\Forms9PatchDemo.Droid.csproj", "{585BAF24-E652-4668-BAF3-21A25BEBFE79}"
EndProject
Global
	GlobalSection(SolutionConfigurationPlatforms) = preSolution
		Debug|Any CPU = Debug|Any CPU
		Debug|ARM = Debug|ARM
		Debug|iPhone = Debug|iPhone
		Debug|iPhoneSimulator = Debug|iPhoneSimulator
		Debug|x64 = Debug|x64
		Debug|x86 = Debug|x86
		Release|Any CPU = Release|Any CPU
		Release|ARM = Release|ARM
		Release|iPhone = Release|iPhone
		Release|iPhoneSimulator = Release|iPhoneSimulator
		Release|x64 = Release|x64
		Release|x86 = Release|x86
	EndGlobalSection
	GlobalSection(ProjectConfigurationPlatforms) = postSolution
		{5F026DB4-CAAE-4DE0-8105-FF133A3655B7}.Debug|Any CPU.ActiveCfg = Debug|Any CPU
		{5F026DB4-CAAE-4DE0-8105-FF133A3655B7}.Debug|Any CPU.Build.0 = Debug|Any CPU
		{5F026DB4-CAAE-4DE0-8105-FF133A3655B7}.Debug|ARM.ActiveCfg = Debug|Any CPU
		{5F026DB4-CAAE-4DE0-8105-FF133A3655B7}.Debug|ARM.Build.0 = Debug|Any CPU
		{5F026DB4-CAAE-4DE0-8105-FF133A3655B7}.Debug|iPhone.ActiveCfg = Debug|Any CPU
		{5F026DB4-CAAE-4DE0-8105-FF133A3655B7}.Debug|iPhone.Build.0 = Debug|Any CPU
		{5F026DB4-CAAE-4DE0-8105-FF133A3655B7}.Debug|iPhoneSimulator.ActiveCfg = Debug|Any CPU
		{5F026DB4-CAAE-4DE0-8105-FF133A3655B7}.Debug|iPhoneSimulator.Build.0 = Debug|Any CPU
		{5F026DB4-CAAE-4DE0-8105-FF133A3655B7}.Debug|x64.ActiveCfg = Debug|Any CPU
		{5F026DB4-CAAE-4DE0-8105-FF133A3655B7}.Debug|x64.Build.0 = Debug|Any CPU
		{5F026DB4-CAAE-4DE0-8105-FF133A3655B7}.Debug|x86.ActiveCfg = Debug|Any CPU
		{5F026DB4-CAAE-4DE0-8105-FF133A3655B7}.Debug|x86.Build.0 = Debug|Any CPU
		{5F026DB4-CAAE-4DE0-8105-FF133A3655B7}.Release|Any CPU.ActiveCfg = Release|Any CPU
		{5F026DB4-CAAE-4DE0-8105-FF133A3655B7}.Release|Any CPU.Build.0 = Release|Any CPU
		{5F026DB4-CAAE-4DE0-8105-FF133A3655B7}.Release|ARM.ActiveCfg = Release|Any CPU
		{5F026DB4-CAAE-4DE0-8105-FF133A3655B7}.Release|ARM.Build.0 = Release|Any CPU
		{5F026DB4-CAAE-4DE0-8105-FF133A3655B7}.Release|iPhone.ActiveCfg = Release|Any CPU
		{5F026DB4-CAAE-4DE0-8105-FF133A3655B7}.Release|iPhone.Build.0 = Release|Any CPU
		{5F026DB4-CAAE-4DE0-8105-FF133A3655B7}.Release|iPhoneSimulator.ActiveCfg = Release|Any CPU
		{5F026DB4-CAAE-4DE0-8105-FF133A3655B7}.Release|iPhoneSimulator.Build.0 = Release|Any CPU
		{5F026DB4-CAAE-4DE0-8105-FF133A3655B7}.Release|x64.ActiveCfg = Release|Any CPU
		{5F026DB4-CAAE-4DE0-8105-FF133A3655B7}.Release|x64.Build.0 = Release|Any CPU
		{5F026DB4-CAAE-4DE0-8105-FF133A3655B7}.Release|x86.ActiveCfg = Release|Any CPU
		{5F026DB4-CAAE-4DE0-8105-FF133A3655B7}.Release|x86.Build.0 = Release|Any CPU
		{1A7FACFB-952B-42CA-9D70-61CB0D5FDEDF}.Debug|Any CPU.ActiveCfg = Debug|iPhoneSimulator
		{1A7FACFB-952B-42CA-9D70-61CB0D5FDEDF}.Debug|Any CPU.Build.0 = Debug|iPhoneSimulator
		{1A7FACFB-952B-42CA-9D70-61CB0D5FDEDF}.Debug|ARM.ActiveCfg = Debug|iPhone
		{1A7FACFB-952B-42CA-9D70-61CB0D5FDEDF}.Debug|iPhone.ActiveCfg = Debug|iPhone
		{1A7FACFB-952B-42CA-9D70-61CB0D5FDEDF}.Debug|iPhone.Build.0 = Debug|iPhone
		{1A7FACFB-952B-42CA-9D70-61CB0D5FDEDF}.Debug|iPhoneSimulator.ActiveCfg = Debug|iPhoneSimulator
		{1A7FACFB-952B-42CA-9D70-61CB0D5FDEDF}.Debug|iPhoneSimulator.Build.0 = Debug|iPhoneSimulator
		{1A7FACFB-952B-42CA-9D70-61CB0D5FDEDF}.Debug|x64.ActiveCfg = Debug|iPhone
		{1A7FACFB-952B-42CA-9D70-61CB0D5FDEDF}.Debug|x86.ActiveCfg = Debug|iPhone
		{1A7FACFB-952B-42CA-9D70-61CB0D5FDEDF}.Release|Any CPU.ActiveCfg = Release|iPhone
		{1A7FACFB-952B-42CA-9D70-61CB0D5FDEDF}.Release|Any CPU.Build.0 = Release|iPhone
		{1A7FACFB-952B-42CA-9D70-61CB0D5FDEDF}.Release|ARM.ActiveCfg = Release|iPhoneSimulator
		{1A7FACFB-952B-42CA-9D70-61CB0D5FDEDF}.Release|iPhone.ActiveCfg = Release|iPhone
		{1A7FACFB-952B-42CA-9D70-61CB0D5FDEDF}.Release|iPhone.Build.0 = Release|iPhone
		{1A7FACFB-952B-42CA-9D70-61CB0D5FDEDF}.Release|iPhoneSimulator.ActiveCfg = Release|iPhoneSimulator
		{1A7FACFB-952B-42CA-9D70-61CB0D5FDEDF}.Release|iPhoneSimulator.Build.0 = Release|iPhoneSimulator
		{1A7FACFB-952B-42CA-9D70-61CB0D5FDEDF}.Release|x64.ActiveCfg = Release|iPhoneSimulator
		{1A7FACFB-952B-42CA-9D70-61CB0D5FDEDF}.Release|x86.ActiveCfg = Release|iPhoneSimulator
		{45454AAB-F431-422F-BECB-D0B959D1899A}.Debug|Any CPU.ActiveCfg = Debug|x86
		{45454AAB-F431-422F-BECB-D0B959D1899A}.Debug|ARM.ActiveCfg = Debug|ARM
		{45454AAB-F431-422F-BECB-D0B959D1899A}.Debug|ARM.Build.0 = Debug|ARM
		{45454AAB-F431-422F-BECB-D0B959D1899A}.Debug|ARM.Deploy.0 = Debug|ARM
		{45454AAB-F431-422F-BECB-D0B959D1899A}.Debug|iPhone.ActiveCfg = Debug|x86
		{45454AAB-F431-422F-BECB-D0B959D1899A}.Debug|iPhoneSimulator.ActiveCfg = Debug|x86
		{45454AAB-F431-422F-BECB-D0B959D1899A}.Debug|x64.ActiveCfg = Debug|x64
		{45454AAB-F431-422F-BECB-D0B959D1899A}.Debug|x64.Build.0 = Debug|x64
		{45454AAB-F431-422F-BECB-D0B959D1899A}.Debug|x64.Deploy.0 = Debug|x64
		{45454AAB-F431-422F-BECB-D0B959D1899A}.Debug|x86.ActiveCfg = Debug|x86
		{45454AAB-F431-422F-BECB-D0B959D1899A}.Debug|x86.Build.0 = Debug|x86
		{45454AAB-F431-422F-BECB-D0B959D1899A}.Debug|x86.Deploy.0 = Debug|x86
		{45454AAB-F431-422F-BECB-D0B959D1899A}.Release|Any CPU.ActiveCfg = Release|x86
		{45454AAB-F431-422F-BECB-D0B959D1899A}.Release|ARM.ActiveCfg = Release|ARM
		{45454AAB-F431-422F-BECB-D0B959D1899A}.Release|ARM.Build.0 = Release|ARM
		{45454AAB-F431-422F-BECB-D0B959D1899A}.Release|ARM.Deploy.0 = Release|ARM
		{45454AAB-F431-422F-BECB-D0B959D1899A}.Release|iPhone.ActiveCfg = Release|x86
		{45454AAB-F431-422F-BECB-D0B959D1899A}.Release|iPhoneSimulator.ActiveCfg = Release|x86
		{45454AAB-F431-422F-BECB-D0B959D1899A}.Release|x64.ActiveCfg = Release|x64
		{45454AAB-F431-422F-BECB-D0B959D1899A}.Release|x64.Build.0 = Release|x64
		{45454AAB-F431-422F-BECB-D0B959D1899A}.Release|x64.Deploy.0 = Release|x64
		{45454AAB-F431-422F-BECB-D0B959D1899A}.Release|x86.ActiveCfg = Release|x86
		{45454AAB-F431-422F-BECB-D0B959D1899A}.Release|x86.Build.0 = Release|x86
		{45454AAB-F431-422F-BECB-D0B959D1899A}.Release|x86.Deploy.0 = Release|x86
		{585BAF24-E652-4668-BAF3-21A25BEBFE79}.Debug|Any CPU.ActiveCfg = Debug|Any CPU
		{585BAF24-E652-4668-BAF3-21A25BEBFE79}.Debug|Any CPU.Build.0 = Debug|Any CPU
		{585BAF24-E652-4668-BAF3-21A25BEBFE79}.Debug|Any CPU.Deploy.0 = Debug|Any CPU
		{585BAF24-E652-4668-BAF3-21A25BEBFE79}.Debug|ARM.ActiveCfg = Debug|Any CPU
		{585BAF24-E652-4668-BAF3-21A25BEBFE79}.Debug|ARM.Build.0 = Debug|Any CPU
		{585BAF24-E652-4668-BAF3-21A25BEBFE79}.Debug|ARM.Deploy.0 = Debug|Any CPU
		{585BAF24-E652-4668-BAF3-21A25BEBFE79}.Debug|iPhone.ActiveCfg = Debug|Any CPU
		{585BAF24-E652-4668-BAF3-21A25BEBFE79}.Debug|iPhone.Build.0 = Debug|Any CPU
		{585BAF24-E652-4668-BAF3-21A25BEBFE79}.Debug|iPhone.Deploy.0 = Debug|Any CPU
		{585BAF24-E652-4668-BAF3-21A25BEBFE79}.Debug|iPhoneSimulator.ActiveCfg = Debug|Any CPU
		{585BAF24-E652-4668-BAF3-21A25BEBFE79}.Debug|iPhoneSimulator.Build.0 = Debug|Any CPU
		{585BAF24-E652-4668-BAF3-21A25BEBFE79}.Debug|iPhoneSimulator.Deploy.0 = Debug|Any CPU
		{585BAF24-E652-4668-BAF3-21A25BEBFE79}.Debug|x64.ActiveCfg = Debug|Any CPU
		{585BAF24-E652-4668-BAF3-21A25BEBFE79}.Debug|x64.Build.0 = Debug|Any CPU
		{585BAF24-E652-4668-BAF3-21A25BEBFE79}.Debug|x64.Deploy.0 = Debug|Any CPU
		{585BAF24-E652-4668-BAF3-21A25BEBFE79}.Debug|x86.ActiveCfg = Debug|Any CPU
		{585BAF24-E652-4668-BAF3-21A25BEBFE79}.Debug|x86.Build.0 = Debug|Any CPU
		{585BAF24-E652-4668-BAF3-21A25BEBFE79}.Debug|x86.Deploy.0 = Debug|Any CPU
		{585BAF24-E652-4668-BAF3-21A25BEBFE79}.Release|Any CPU.ActiveCfg = Release|Any CPU
		{585BAF24-E652-4668-BAF3-21A25BEBFE79}.Release|Any CPU.Build.0 = Release|Any CPU
		{585BAF24-E652-4668-BAF3-21A25BEBFE79}.Release|Any CPU.Deploy.0 = Release|Any CPU
		{585BAF24-E652-4668-BAF3-21A25BEBFE79}.Release|ARM.ActiveCfg = Release|Any CPU
		{585BAF24-E652-4668-BAF3-21A25BEBFE79}.Release|ARM.Build.0 = Release|Any CPU
		{585BAF24-E652-4668-BAF3-21A25BEBFE79}.Release|ARM.Deploy.0 = Release|Any CPU
		{585BAF24-E652-4668-BAF3-21A25BEBFE79}.Release|iPhone.ActiveCfg = Release|Any CPU
		{585BAF24-E652-4668-BAF3-21A25BEBFE79}.Release|iPhone.Build.0 = Release|Any CPU
		{585BAF24-E652-4668-BAF3-21A25BEBFE79}.Release|iPhone.Deploy.0 = Release|Any CPU
		{585BAF24-E652-4668-BAF3-21A25BEBFE79}.Release|iPhoneSimulator.ActiveCfg = Release|Any CPU
		{585BAF24-E652-4668-BAF3-21A25BEBFE79}.Release|iPhoneSimulator.Build.0 = Release|Any CPU
		{585BAF24-E652-4668-BAF3-21A25BEBFE79}.Release|iPhoneSimulator.Deploy.0 = Release|Any CPU
		{585BAF24-E652-4668-BAF3-21A25BEBFE79}.Release|x64.ActiveCfg = Release|Any CPU
		{585BAF24-E652-4668-BAF3-21A25BEBFE79}.Release|x64.Build.0 = Release|Any CPU
		{585BAF24-E652-4668-BAF3-21A25BEBFE79}.Release|x64.Deploy.0 = Release|Any CPU
		{585BAF24-E652-4668-BAF3-21A25BEBFE79}.Release|x86.ActiveCfg = Release|Any CPU
		{585BAF24-E652-4668-BAF3-21A25BEBFE79}.Release|x86.Build.0 = Release|Any CPU
		{585BAF24-E652-4668-BAF3-21A25BEBFE79}.Release|x86.Deploy.0 = Release|Any CPU
	EndGlobalSection
	GlobalSection(SolutionProperties) = preSolution
		HideSolutionNode = FALSE
	EndGlobalSection
	GlobalSection(ExtensibilityGlobals) = postSolution
		SolutionGuid = {4310591D-63C6-4CE2-A6C0-16C03E5E4658}
	EndGlobalSection
	GlobalSection(MonoDevelopProperties) = preSolution
		Policies = $0
		$0.DotNetNamingPolicy = $1
		$1.DirectoryNamespaceAssociation = None
		$1.ResourceNamePolicy = FileFormatDefault
		$0.StandardHeader = $2
		$2.Text = 
		$2.IncludeInNewFiles = True
		description = Demo app of Forms9Patch
	EndGlobalSection
EndGlobal
